// !$*UTF8*$!
{
	archiveVersion = 1;
	classes = {
	};
	objectVersion = 56;
	objects = {

/* Begin PBXBuildFile section */
		DE16D1362B67E3FB0076836A /* AppIcon.pxd in Resources */ = {isa = PBXBuildFile; fileRef = DE16D1332B67E3FB0076836A /* AppIcon.pxd */; };
		DE16D1372B67E3FB0076836A /* SpriteKit_128x128_2x.png in Resources */ = {isa = PBXBuildFile; fileRef = DE16D1342B67E3FB0076836A /* SpriteKit_128x128_2x.png */; };
		DE16D1382B67E3FB0076836A /* AppIcon.png in Resources */ = {isa = PBXBuildFile; fileRef = DE16D1352B67E3FB0076836A /* AppIcon.png */; };
		DE2F263C2B5A2873004003C3 /* SpriteKitExplorerApp.swift in Sources */ = {isa = PBXBuildFile; fileRef = DE2F263B2B5A2873004003C3 /* SpriteKitExplorerApp.swift */; };
		DE2F263E2B5A2873004003C3 /* MainMenu.swift in Sources */ = {isa = PBXBuildFile; fileRef = DE2F263D2B5A2873004003C3 /* MainMenu.swift */; };
		DE2F26402B5A2875004003C3 /* Assets.xcassets in Resources */ = {isa = PBXBuildFile; fileRef = DE2F263F2B5A2875004003C3 /* Assets.xcassets */; };
		DE2F26432B5A2875004003C3 /* Preview Assets.xcassets in Resources */ = {isa = PBXBuildFile; fileRef = DE2F26422B5A2875004003C3 /* Preview Assets.xcassets */; };
		DE2F264A2B5A29AF004003C3 /* Combine.swift in Sources */ = {isa = PBXBuildFile; fileRef = DE2F26492B5A29AF004003C3 /* Combine.swift */; };
		DE3607402B6411070005BDE4 /* Filters.swift in Sources */ = {isa = PBXBuildFile; fileRef = DE36073F2B6411070005BDE4 /* Filters.swift */; };
		DE3607432B64EEC40005BDE4 /* ChainCIFilter.swift in Sources */ = {isa = PBXBuildFile; fileRef = DE3607422B64EEC40005BDE4 /* ChainCIFilter.swift */; };
		DE3A68632B60378800D10D6E /* Lighting.swift in Sources */ = {isa = PBXBuildFile; fileRef = DE3A68622B60378800D10D6E /* Lighting.swift */; };
		DE4292F82B5B23A2004326C9 /* SimulationSpeed.swift in Sources */ = {isa = PBXBuildFile; fileRef = DE4292F72B5B23A2004326C9 /* SimulationSpeed.swift */; };
		DE4292FA2B5BADC0004326C9 /* StoreAndReset.swift in Sources */ = {isa = PBXBuildFile; fileRef = DE4292F92B5BADC0004326C9 /* StoreAndReset.swift */; };
		DE4292FC2B5BAEC0004326C9 /* firstButtonStyle.swift in Sources */ = {isa = PBXBuildFile; fileRef = DE4292FB2B5BAEC0004326C9 /* firstButtonStyle.swift */; };
		DE61D76A2B66E4C400086378 /* SpriteKitText.swift in Sources */ = {isa = PBXBuildFile; fileRef = DE61D7692B66E4C400086378 /* SpriteKitText.swift */; };
		DEABB9D42B623BB00023B79B /* SpringDrag.swift in Sources */ = {isa = PBXBuildFile; fileRef = DEABB9D32B623BB00023B79B /* SpringDrag.swift */; };
		DEABB9D82B6380B40023B79B /* FlingDrag.swift in Sources */ = {isa = PBXBuildFile; fileRef = DEABB9D72B6380B40023B79B /* FlingDrag.swift */; };
/* End PBXBuildFile section */

/* Begin PBXFileReference section */
		DE16D1332B67E3FB0076836A /* AppIcon.pxd */ = {isa = PBXFileReference; lastKnownFileType = file; path = AppIcon.pxd; sourceTree = "<group>"; };
		DE16D1342B67E3FB0076836A /* SpriteKit_128x128_2x.png */ = {isa = PBXFileReference; lastKnownFileType = image.png; path = SpriteKit_128x128_2x.png; sourceTree = "<group>"; };
		DE16D1352B67E3FB0076836A /* AppIcon.png */ = {isa = PBXFileReference; lastKnownFileType = image.png; path = AppIcon.png; sourceTree = "<group>"; };
		DE16D1392B67E42B0076836A /* README.md */ = {isa = PBXFileReference; lastKnownFileType = net.daringfireball.markdown; path = README.md; sourceTree = "<group>"; };
		DE2F26382B5A2873004003C3 /* SpriteKitExplorer.app */ = {isa = PBXFileReference; explicitFileType = wrapper.application; includeInIndex = 0; path = SpriteKitExplorer.app; sourceTree = BUILT_PRODUCTS_DIR; };
		DE2F263B2B5A2873004003C3 /* SpriteKitExplorerApp.swift */ = {isa = PBXFileReference; lastKnownFileType = sourcecode.swift; path = SpriteKitExplorerApp.swift; sourceTree = "<group>"; };
		DE2F263D2B5A2873004003C3 /* MainMenu.swift */ = {isa = PBXFileReference; lastKnownFileType = sourcecode.swift; path = MainMenu.swift; sourceTree = "<group>"; };
		DE2F263F2B5A2875004003C3 /* Assets.xcassets */ = {isa = PBXFileReference; lastKnownFileType = folder.assetcatalog; path = Assets.xcassets; sourceTree = "<group>"; };
		DE2F26422B5A2875004003C3 /* Preview Assets.xcassets */ = {isa = PBXFileReference; lastKnownFileType = folder.assetcatalog; path = "Preview Assets.xcassets"; sourceTree = "<group>"; };
		DE2F26492B5A29AF004003C3 /* Combine.swift */ = {isa = PBXFileReference; lastKnownFileType = sourcecode.swift; path = Combine.swift; sourceTree = "<group>"; };
		DE36073F2B6411070005BDE4 /* Filters.swift */ = {isa = PBXFileReference; lastKnownFileType = sourcecode.swift; path = Filters.swift; sourceTree = "<group>"; };
		DE3607422B64EEC40005BDE4 /* ChainCIFilter.swift */ = {isa = PBXFileReference; lastKnownFileType = sourcecode.swift; path = ChainCIFilter.swift; sourceTree = "<group>"; };
		DE3607442B64F6140005BDE4 /* Core Image Filters.md */ = {isa = PBXFileReference; lastKnownFileType = net.daringfireball.markdown; path = "Core Image Filters.md"; sourceTree = "<group>"; };
		DE3A68622B60378800D10D6E /* Lighting.swift */ = {isa = PBXFileReference; lastKnownFileType = sourcecode.swift; path = Lighting.swift; sourceTree = "<group>"; };
		DE4292F72B5B23A2004326C9 /* SimulationSpeed.swift */ = {isa = PBXFileReference; lastKnownFileType = sourcecode.swift; path = SimulationSpeed.swift; sourceTree = "<group>"; };
		DE4292F92B5BADC0004326C9 /* StoreAndReset.swift */ = {isa = PBXFileReference; lastKnownFileType = sourcecode.swift; path = StoreAndReset.swift; sourceTree = "<group>"; };
		DE4292FB2B5BAEC0004326C9 /* firstButtonStyle.swift */ = {isa = PBXFileReference; lastKnownFileType = sourcecode.swift; path = firstButtonStyle.swift; sourceTree = "<group>"; };
		DE61D7692B66E4C400086378 /* SpriteKitText.swift */ = {isa = PBXFileReference; lastKnownFileType = sourcecode.swift; path = SpriteKitText.swift; sourceTree = "<group>"; };
		DEABB9D32B623BB00023B79B /* SpringDrag.swift */ = {isa = PBXFileReference; lastKnownFileType = sourcecode.swift; path = SpringDrag.swift; sourceTree = "<group>"; };
		DEABB9D72B6380B40023B79B /* FlingDrag.swift */ = {isa = PBXFileReference; lastKnownFileType = sourcecode.swift; path = FlingDrag.swift; sourceTree = "<group>"; };
/* End PBXFileReference section */

/* Begin PBXFrameworksBuildPhase section */
		DE2F26352B5A2873004003C3 /* Frameworks */ = {
			isa = PBXFrameworksBuildPhase;
			buildActionMask = 2147483647;
			files = (
			);
			runOnlyForDeploymentPostprocessing = 0;
		};
/* End PBXFrameworksBuildPhase section */

/* Begin PBXGroup section */
		DE16D1322B67E3C60076836A /* Assets Source */ = {
			isa = PBXGroup;
			children = (
				DE16D1352B67E3FB0076836A /* AppIcon.png */,
				DE16D1332B67E3FB0076836A /* AppIcon.pxd */,
				DE16D1342B67E3FB0076836A /* SpriteKit_128x128_2x.png */,
			);
			path = "Assets Source";
			sourceTree = "<group>";
		};
		DE2F262F2B5A2873004003C3 = {
			isa = PBXGroup;
			children = (
				DE16D1392B67E42B0076836A /* README.md */,
				DE2F263A2B5A2873004003C3 /* SpriteKitExplorer */,
				DE2F26392B5A2873004003C3 /* Products */,
			);
			sourceTree = "<group>";
		};
		DE2F26392B5A2873004003C3 /* Products */ = {
			isa = PBXGroup;
			children = (
				DE2F26382B5A2873004003C3 /* SpriteKitExplorer.app */,
			);
			name = Products;
			sourceTree = "<group>";
		};
		DE2F263A2B5A2873004003C3 /* SpriteKitExplorer */ = {
			isa = PBXGroup;
			children = (
				DE16D1322B67E3C60076836A /* Assets Source */,
				DE3607412B64EE8C0005BDE4 /* Utilities */,
				DE2F263B2B5A2873004003C3 /* SpriteKitExplorerApp.swift */,
				DE2F263D2B5A2873004003C3 /* MainMenu.swift */,
				DE2F26492B5A29AF004003C3 /* Combine.swift */,
				DE4292F72B5B23A2004326C9 /* SimulationSpeed.swift */,
				DE3A68622B60378800D10D6E /* Lighting.swift */,
				DEABB9D72B6380B40023B79B /* FlingDrag.swift */,
				DE4292F92B5BADC0004326C9 /* StoreAndReset.swift */,
				DEABB9D32B623BB00023B79B /* SpringDrag.swift */,
				DE36073F2B6411070005BDE4 /* Filters.swift */,
				DE3607442B64F6140005BDE4 /* Core Image Filters.md */,
				DE61D7692B66E4C400086378 /* SpriteKitText.swift */,
				DE4292FD2B5BB413004326C9 /* Views */,
				DE2F263F2B5A2875004003C3 /* Assets.xcassets */,
				DE2F26412B5A2875004003C3 /* Preview Content */,
			);
			path = SpriteKitExplorer;
			sourceTree = "<group>";
		};
		DE2F26412B5A2875004003C3 /* Preview Content */ = {
			isa = PBXGroup;
			children = (
				DE2F26422B5A2875004003C3 /* Preview Assets.xcassets */,
			);
			path = "Preview Content";
			sourceTree = "<group>";
		};
		DE3607412B64EE8C0005BDE4 /* Utilities */ = {
			isa = PBXGroup;
			children = (
				DE3607422B64EEC40005BDE4 /* ChainCIFilter.swift */,
			);
			path = Utilities;
			sourceTree = "<group>";
		};
		DE4292FD2B5BB413004326C9 /* Views */ = {
			isa = PBXGroup;
			children = (
				DE4292FB2B5BAEC0004326C9 /* firstButtonStyle.swift */,
			);
			path = Views;
			sourceTree = "<group>";
		};
/* End PBXGroup section */

/* Begin PBXNativeTarget section */
		DE2F26372B5A2873004003C3 /* SpriteKitExplorer */ = {
			isa = PBXNativeTarget;
			buildConfigurationList = DE2F26462B5A2875004003C3 /* Build configuration list for PBXNativeTarget "SpriteKitExplorer" */;
			buildPhases = (
				DE2F26342B5A2873004003C3 /* Sources */,
				DE2F26352B5A2873004003C3 /* Frameworks */,
				DE2F26362B5A2873004003C3 /* Resources */,
			);
			buildRules = (
			);
			dependencies = (
			);
			name = SpriteKitExplorer;
			productName = SpriteKitExplorer;
			productReference = DE2F26382B5A2873004003C3 /* SpriteKitExplorer.app */;
			productType = "com.apple.product-type.application";
		};
/* End PBXNativeTarget section */

/* Begin PBXProject section */
		DE2F26302B5A2873004003C3 /* Project object */ = {
			isa = PBXProject;
			attributes = {
				BuildIndependentTargetsInParallel = 1;
				LastSwiftUpdateCheck = 1520;
				LastUpgradeCheck = 1520;
				TargetAttributes = {
					DE2F26372B5A2873004003C3 = {
						CreatedOnToolsVersion = 15.2;
					};
				};
			};
			buildConfigurationList = DE2F26332B5A2873004003C3 /* Build configuration list for PBXProject "SpriteKitExplorer" */;
			compatibilityVersion = "Xcode 14.0";
			developmentRegion = en;
			hasScannedForEncodings = 0;
			knownRegions = (
				en,
				Base,
			);
			mainGroup = DE2F262F2B5A2873004003C3;
			productRefGroup = DE2F26392B5A2873004003C3 /* Products */;
			projectDirPath = "";
			projectRoot = "";
			targets = (
				DE2F26372B5A2873004003C3 /* SpriteKitExplorer */,
			);
		};
/* End PBXProject section */

/* Begin PBXResourcesBuildPhase section */
		DE2F26362B5A2873004003C3 /* Resources */ = {
			isa = PBXResourcesBuildPhase;
			buildActionMask = 2147483647;
			files = (
				DE16D1382B67E3FB0076836A /* AppIcon.png in Resources */,
				DE16D1372B67E3FB0076836A /* SpriteKit_128x128_2x.png in Resources */,
				DE2F26432B5A2875004003C3 /* Preview Assets.xcassets in Resources */,
				DE2F26402B5A2875004003C3 /* Assets.xcassets in Resources */,
				DE16D1362B67E3FB0076836A /* AppIcon.pxd in Resources */,
			);
			runOnlyForDeploymentPostprocessing = 0;
		};
/* End PBXResourcesBuildPhase section */

/* Begin PBXSourcesBuildPhase section */
		DE2F26342B5A2873004003C3 /* Sources */ = {
			isa = PBXSourcesBuildPhase;
			buildActionMask = 2147483647;
			files = (
				DE3607432B64EEC40005BDE4 /* ChainCIFilter.swift in Sources */,
				DE4292FC2B5BAEC0004326C9 /* firstButtonStyle.swift in Sources */,
				DE3607402B6411070005BDE4 /* Filters.swift in Sources */,
				DE3A68632B60378800D10D6E /* Lighting.swift in Sources */,
				DEABB9D82B6380B40023B79B /* FlingDrag.swift in Sources */,
				DE2F263E2B5A2873004003C3 /* MainMenu.swift in Sources */,
				DE2F264A2B5A29AF004003C3 /* Combine.swift in Sources */,
				DEABB9D42B623BB00023B79B /* SpringDrag.swift in Sources */,
				DE4292F82B5B23A2004326C9 /* SimulationSpeed.swift in Sources */,
				DE4292FA2B5BADC0004326C9 /* StoreAndReset.swift in Sources */,
				DE61D76A2B66E4C400086378 /* SpriteKitText.swift in Sources */,
				DE2F263C2B5A2873004003C3 /* SpriteKitExplorerApp.swift in Sources */,
			);
			runOnlyForDeploymentPostprocessing = 0;
		};
/* End PBXSourcesBuildPhase section */

/* Begin XCBuildConfiguration section */
		DE2F26442B5A2875004003C3 /* Debug */ = {
			isa = XCBuildConfiguration;
			buildSettings = {
				ALWAYS_SEARCH_USER_PATHS = NO;
				ASSETCATALOG_COMPILER_GENERATE_SWIFT_ASSET_SYMBOL_EXTENSIONS = YES;
				CLANG_ANALYZER_NONNULL = YES;
				CLANG_ANALYZER_NUMBER_OBJECT_CONVERSION = YES_AGGRESSIVE;
				CLANG_CXX_LANGUAGE_STANDARD = "gnu++20";
				CLANG_ENABLE_MODULES = YES;
				CLANG_ENABLE_OBJC_ARC = YES;
				CLANG_ENABLE_OBJC_WEAK = YES;
				CLANG_WARN_BLOCK_CAPTURE_AUTORELEASING = YES;
				CLANG_WARN_BOOL_CONVERSION = YES;
				CLANG_WARN_COMMA = YES;
				CLANG_WARN_CONSTANT_CONVERSION = YES;
				CLANG_WARN_DEPRECATED_OBJC_IMPLEMENTATIONS = YES;
				CLANG_WARN_DIRECT_OBJC_ISA_USAGE = YES_ERROR;
				CLANG_WARN_DOCUMENTATION_COMMENTS = YES;
				CLANG_WARN_EMPTY_BODY = YES;
				CLANG_WARN_ENUM_CONVERSION = YES;
				CLANG_WARN_INFINITE_RECURSION = YES;
				CLANG_WARN_INT_CONVERSION = YES;
				CLANG_WARN_NON_LITERAL_NULL_CONVERSION = YES;
				CLANG_WARN_OBJC_IMPLICIT_RETAIN_SELF = YES;
				CLANG_WARN_OBJC_LITERAL_CONVERSION = YES;
				CLANG_WARN_OBJC_ROOT_CLASS = YES_ERROR;
				CLANG_WARN_QUOTED_INCLUDE_IN_FRAMEWORK_HEADER = YES;
				CLANG_WARN_RANGE_LOOP_ANALYSIS = YES;
				CLANG_WARN_STRICT_PROTOTYPES = YES;
				CLANG_WARN_SUSPICIOUS_MOVE = YES;
				CLANG_WARN_UNGUARDED_AVAILABILITY = YES_AGGRESSIVE;
				CLANG_WARN_UNREACHABLE_CODE = YES;
				CLANG_WARN__DUPLICATE_METHOD_MATCH = YES;
				COPY_PHASE_STRIP = NO;
				DEBUG_INFORMATION_FORMAT = dwarf;
				ENABLE_STRICT_OBJC_MSGSEND = YES;
				ENABLE_TESTABILITY = YES;
				ENABLE_USER_SCRIPT_SANDBOXING = YES;
				GCC_C_LANGUAGE_STANDARD = gnu17;
				GCC_DYNAMIC_NO_PIC = NO;
				GCC_NO_COMMON_BLOCKS = YES;
				GCC_OPTIMIZATION_LEVEL = 0;
				GCC_PREPROCESSOR_DEFINITIONS = (
					"DEBUG=1",
					"$(inherited)",
				);
				GCC_WARN_64_TO_32_BIT_CONVERSION = YES;
				GCC_WARN_ABOUT_RETURN_TYPE = YES_ERROR;
				GCC_WARN_UNDECLARED_SELECTOR = YES;
				GCC_WARN_UNINITIALIZED_AUTOS = YES_AGGRESSIVE;
				GCC_WARN_UNUSED_FUNCTION = YES;
				GCC_WARN_UNUSED_VARIABLE = YES;
				IPHONEOS_DEPLOYMENT_TARGET = 17.2;
				LOCALIZATION_PREFERS_STRING_CATALOGS = YES;
				MTL_ENABLE_DEBUG_INFO = INCLUDE_SOURCE;
				MTL_FAST_MATH = YES;
				ONLY_ACTIVE_ARCH = YES;
				SDKROOT = iphoneos;
				SWIFT_ACTIVE_COMPILATION_CONDITIONS = "DEBUG $(inherited)";
				SWIFT_OPTIMIZATION_LEVEL = "-Onone";
			};
			name = Debug;
		};
		DE2F26452B5A2875004003C3 /* Release */ = {
			isa = XCBuildConfiguration;
			buildSettings = {
				ALWAYS_SEARCH_USER_PATHS = NO;
				ASSETCATALOG_COMPILER_GENERATE_SWIFT_ASSET_SYMBOL_EXTENSIONS = YES;
				CLANG_ANALYZER_NONNULL = YES;
				CLANG_ANALYZER_NUMBER_OBJECT_CONVERSION = YES_AGGRESSIVE;
				CLANG_CXX_LANGUAGE_STANDARD = "gnu++20";
				CLANG_ENABLE_MODULES = YES;
				CLANG_ENABLE_OBJC_ARC = YES;
				CLANG_ENABLE_OBJC_WEAK = YES;
				CLANG_WARN_BLOCK_CAPTURE_AUTORELEASING = YES;
				CLANG_WARN_BOOL_CONVERSION = YES;
				CLANG_WARN_COMMA = YES;
				CLANG_WARN_CONSTANT_CONVERSION = YES;
				CLANG_WARN_DEPRECATED_OBJC_IMPLEMENTATIONS = YES;
				CLANG_WARN_DIRECT_OBJC_ISA_USAGE = YES_ERROR;
				CLANG_WARN_DOCUMENTATION_COMMENTS = YES;
				CLANG_WARN_EMPTY_BODY = YES;
				CLANG_WARN_ENUM_CONVERSION = YES;
				CLANG_WARN_INFINITE_RECURSION = YES;
				CLANG_WARN_INT_CONVERSION = YES;
				CLANG_WARN_NON_LITERAL_NULL_CONVERSION = YES;
				CLANG_WARN_OBJC_IMPLICIT_RETAIN_SELF = YES;
				CLANG_WARN_OBJC_LITERAL_CONVERSION = YES;
				CLANG_WARN_OBJC_ROOT_CLASS = YES_ERROR;
				CLANG_WARN_QUOTED_INCLUDE_IN_FRAMEWORK_HEADER = YES;
				CLANG_WARN_RANGE_LOOP_ANALYSIS = YES;
				CLANG_WARN_STRICT_PROTOTYPES = YES;
				CLANG_WARN_SUSPICIOUS_MOVE = YES;
				CLANG_WARN_UNGUARDED_AVAILABILITY = YES_AGGRESSIVE;
				CLANG_WARN_UNREACHABLE_CODE = YES;
				CLANG_WARN__DUPLICATE_METHOD_MATCH = YES;
				COPY_PHASE_STRIP = NO;
				DEBUG_INFORMATION_FORMAT = "dwarf-with-dsym";
				ENABLE_NS_ASSERTIONS = NO;
				ENABLE_STRICT_OBJC_MSGSEND = YES;
				ENABLE_USER_SCRIPT_SANDBOXING = YES;
				GCC_C_LANGUAGE_STANDARD = gnu17;
				GCC_NO_COMMON_BLOCKS = YES;
				GCC_WARN_64_TO_32_BIT_CONVERSION = YES;
				GCC_WARN_ABOUT_RETURN_TYPE = YES_ERROR;
				GCC_WARN_UNDECLARED_SELECTOR = YES;
				GCC_WARN_UNINITIALIZED_AUTOS = YES_AGGRESSIVE;
				GCC_WARN_UNUSED_FUNCTION = YES;
				GCC_WARN_UNUSED_VARIABLE = YES;
				IPHONEOS_DEPLOYMENT_TARGET = 17.2;
				LOCALIZATION_PREFERS_STRING_CATALOGS = YES;
				MTL_ENABLE_DEBUG_INFO = NO;
				MTL_FAST_MATH = YES;
				SDKROOT = iphoneos;
				SWIFT_COMPILATION_MODE = wholemodule;
				VALIDATE_PRODUCT = YES;
			};
			name = Release;
		};
		DE2F26472B5A2875004003C3 /* Debug */ = {
			isa = XCBuildConfiguration;
			buildSettings = {
				ASSETCATALOG_COMPILER_APPICON_NAME = AppIcon;
				ASSETCATALOG_COMPILER_GLOBAL_ACCENT_COLOR_NAME = AccentColor;
				CODE_SIGN_STYLE = Automatic;
				CURRENT_PROJECT_VERSION = 1;
				DEVELOPMENT_ASSET_PATHS = "\"SpriteKitExplorer/Preview Content\"";
				DEVELOPMENT_TEAM = G2XS6FMGZT;
				ENABLE_PREVIEWS = YES;
				GENERATE_INFOPLIST_FILE = YES;
				INFOPLIST_KEY_CFBundleDisplayName = "SpriteKit Explorer";
				INFOPLIST_KEY_UIApplicationSceneManifest_Generation = YES;
				INFOPLIST_KEY_UIApplicationSupportsIndirectInputEvents = YES;
				INFOPLIST_KEY_UILaunchScreen_Generation = YES;
				INFOPLIST_KEY_UISupportedInterfaceOrientations_iPad = "UIInterfaceOrientationPortrait UIInterfaceOrientationPortraitUpsideDown UIInterfaceOrientationLandscapeLeft UIInterfaceOrientationLandscapeRight";
				INFOPLIST_KEY_UISupportedInterfaceOrientations_iPhone = "UIInterfaceOrientationPortrait UIInterfaceOrientationLandscapeLeft UIInterfaceOrientationLandscapeRight";
				IPHONEOS_DEPLOYMENT_TARGET = 17.0;
				LD_RUNPATH_SEARCH_PATHS = (
					"$(inherited)",
					"@executable_path/Frameworks",
				);
				MARKETING_VERSION = 1.0;
				PRODUCT_BUNDLE_IDENTIFIER = com.achrafkassioui.SpriteKitExplorer;
				PRODUCT_NAME = "$(TARGET_NAME)";
				SWIFT_EMIT_LOC_STRINGS = YES;
				SWIFT_VERSION = 5.0;
				TARGETED_DEVICE_FAMILY = "1,2";
			};
			name = Debug;
		};
		DE2F26482B5A2875004003C3 /* Release */ = {
			isa = XCBuildConfiguration;
			buildSettings = {
				ASSETCATALOG_COMPILER_APPICON_NAME = AppIcon;
				ASSETCATALOG_COMPILER_GLOBAL_ACCENT_COLOR_NAME = AccentColor;
				CODE_SIGN_STYLE = Automatic;
				CURRENT_PROJECT_VERSION = 1;
				DEVELOPMENT_ASSET_PATHS = "\"SpriteKitExplorer/Preview Content\"";
				DEVELOPMENT_TEAM = G2XS6FMGZT;
				ENABLE_PREVIEWS = YES;
				GENERATE_INFOPLIST_FILE = YES;
				INFOPLIST_KEY_CFBundleDisplayName = "SpriteKit Explorer";
				INFOPLIST_KEY_UIApplicationSceneManifest_Generation = YES;
				INFOPLIST_KEY_UIApplicationSupportsIndirectInputEvents = YES;
				INFOPLIST_KEY_UILaunchScreen_Generation = YES;
				INFOPLIST_KEY_UISupportedInterfaceOrientations_iPad = "UIInterfaceOrientationPortrait UIInterfaceOrientationPortraitUpsideDown UIInterfaceOrientationLandscapeLeft UIInterfaceOrientationLandscapeRight";
				INFOPLIST_KEY_UISupportedInterfaceOrientations_iPhone = "UIInterfaceOrientationPortrait UIInterfaceOrientationLandscapeLeft UIInterfaceOrientationLandscapeRight";
				IPHONEOS_DEPLOYMENT_TARGET = 17.0;
				LD_RUNPATH_SEARCH_PATHS = (
					"$(inherited)",
					"@executable_path/Frameworks",
				);
				MARKETING_VERSION = 1.0;
				PRODUCT_BUNDLE_IDENTIFIER = com.achrafkassioui.SpriteKitExplorer;
				PRODUCT_NAME = "$(TARGET_NAME)";
				SWIFT_EMIT_LOC_STRINGS = YES;
				SWIFT_VERSION = 5.0;
				TARGETED_DEVICE_FAMILY = "1,2";
			};
			name = Release;
		};
/* End XCBuildConfiguration section */

/* Begin XCConfigurationList section */
		DE2F26332B5A2873004003C3 /* Build configuration list for PBXProject "SpriteKitExplorer" */ = {
			isa = XCConfigurationList;
			buildConfigurations = (
				DE2F26442B5A2875004003C3 /* Debug */,
				DE2F26452B5A2875004003C3 /* Release */,
			);
			defaultConfigurationIsVisible = 0;
			defaultConfigurationName = Release;
		};
		DE2F26462B5A2875004003C3 /* Build configuration list for PBXNativeTarget "SpriteKitExplorer" */ = {
			isa = XCConfigurationList;
			buildConfigurations = (
				DE2F26472B5A2875004003C3 /* Debug */,
				DE2F26482B5A2875004003C3 /* Release */,
			);
			defaultConfigurationIsVisible = 0;
			defaultConfigurationName = Release;
		};
/* End XCConfigurationList section */
	};
	rootObject = DE2F26302B5A2873004003C3 /* Project object */;
}
