// !$*UTF8*$!
{
	archiveVersion = 1;
	classes = {
	};
	objectVersion = 56;
	objects = {

/* Begin PBXBuildFile section */
		DE020BF12BD2DF9000D897F8 /* CGGenerators.swift in Sources */ = {isa = PBXBuildFile; fileRef = DE020BF02BD2DF9000D897F8 /* CGGenerators.swift */; };
		DE020BF32BD32A0B00D897F8 /* ViewProperties.swift in Sources */ = {isa = PBXBuildFile; fileRef = DE020BF22BD32A0B00D897F8 /* ViewProperties.swift */; };
		DE020BF52BD33BEB00D897F8 /* PhysicsBenchmarks.swift in Sources */ = {isa = PBXBuildFile; fileRef = DE020BF42BD33BEB00D897F8 /* PhysicsBenchmarks.swift */; };
		DE0662A22C0693E100D5869A /* JointsWithCamera.swift in Sources */ = {isa = PBXBuildFile; fileRef = DE0662A12C0693E100D5869A /* JointsWithCamera.swift */; };
		DE0ABE172BF9774900C68A04 /* PhysicsObjects.swift in Sources */ = {isa = PBXBuildFile; fileRef = DE0ABE162BF9774900C68A04 /* PhysicsObjects.swift */; };
		DE0B6B212B9CAEED006D75CB /* SpriteNodes.swift in Sources */ = {isa = PBXBuildFile; fileRef = DE0B6B202B9CAEED006D75CB /* SpriteNodes.swift */; };
		DE0B6B232B9FC760006D75CB /* ColorWheel.swift in Sources */ = {isa = PBXBuildFile; fileRef = DE0B6B222B9FC760006D75CB /* ColorWheel.swift */; };
		DE16D1362B67E3FB0076836A /* AppIcon.pxd in Resources */ = {isa = PBXBuildFile; fileRef = DE16D1332B67E3FB0076836A /* AppIcon.pxd */; };
		DE16D1382B67E3FB0076836A /* AppIcon.png in Resources */ = {isa = PBXBuildFile; fileRef = DE16D1352B67E3FB0076836A /* AppIcon.png */; };
		DE22B9EC2B95956400CC6BCB /* Easing.swift in Sources */ = {isa = PBXBuildFile; fileRef = DE22B9E92B95956400CC6BCB /* Easing.swift */; };
		DE22B9ED2B95956400CC6BCB /* EasingDeclarations.swift in Sources */ = {isa = PBXBuildFile; fileRef = DE22B9EA2B95956400CC6BCB /* EasingDeclarations.swift */; };
		DE22B9EE2B95956400CC6BCB /* SKEase.swift in Sources */ = {isa = PBXBuildFile; fileRef = DE22B9EB2B95956400CC6BCB /* SKEase.swift */; };
		DE22B9FE2B95AA7300CC6BCB /* SKColor+Extensions.swift in Sources */ = {isa = PBXBuildFile; fileRef = DE22B9F22B95AA7300CC6BCB /* SKColor+Extensions.swift */; };
		DE22B9FF2B95AA7300CC6BCB /* CGVector+Extensions.swift in Sources */ = {isa = PBXBuildFile; fileRef = DE22B9F32B95AA7300CC6BCB /* CGVector+Extensions.swift */; };
		DE22BA002B95AA7300CC6BCB /* Int+Extensions.swift in Sources */ = {isa = PBXBuildFile; fileRef = DE22B9F42B95AA7300CC6BCB /* Int+Extensions.swift */; };
		DE22BA012B95AA7300CC6BCB /* SKTTimingFunctions.swift in Sources */ = {isa = PBXBuildFile; fileRef = DE22B9F52B95AA7300CC6BCB /* SKTTimingFunctions.swift */; };
		DE22BA022B95AA7300CC6BCB /* SKAction+Extensions.swift in Sources */ = {isa = PBXBuildFile; fileRef = DE22B9F62B95AA7300CC6BCB /* SKAction+Extensions.swift */; };
		DE22BA032B95AA7300CC6BCB /* SKAction+SpecialEffects.swift in Sources */ = {isa = PBXBuildFile; fileRef = DE22B9F72B95AA7300CC6BCB /* SKAction+SpecialEffects.swift */; };
		DE22BA042B95AA7300CC6BCB /* SKNode+Extensions.swift in Sources */ = {isa = PBXBuildFile; fileRef = DE22B9F82B95AA7300CC6BCB /* SKNode+Extensions.swift */; };
		DE22BA052B95AA7300CC6BCB /* CGPoint+Extensions.swift in Sources */ = {isa = PBXBuildFile; fileRef = DE22B9F92B95AA7300CC6BCB /* CGPoint+Extensions.swift */; };
		DE22BA062B95AA7300CC6BCB /* SKTEffects.swift in Sources */ = {isa = PBXBuildFile; fileRef = DE22B9FA2B95AA7300CC6BCB /* SKTEffects.swift */; };
		DE22BA072B95AA7300CC6BCB /* SKTAudio.swift in Sources */ = {isa = PBXBuildFile; fileRef = DE22B9FB2B95AA7300CC6BCB /* SKTAudio.swift */; };
		DE22BA082B95AA7300CC6BCB /* Vector3.swift in Sources */ = {isa = PBXBuildFile; fileRef = DE22B9FC2B95AA7300CC6BCB /* Vector3.swift */; };
		DE22BA092B95AA7300CC6BCB /* CGFloat+Extensions.swift in Sources */ = {isa = PBXBuildFile; fileRef = DE22B9FD2B95AA7300CC6BCB /* CGFloat+Extensions.swift */; };
		DE22BA0B2B966AEF00CC6BCB /* SpriteKitUI.swift in Sources */ = {isa = PBXBuildFile; fileRef = DE22BA0A2B966AEF00CC6BCB /* SpriteKitUI.swift */; };
		DE22BA0D2B969D2500CC6BCB /* ShouldRender.swift in Sources */ = {isa = PBXBuildFile; fileRef = DE22BA0C2B969D2500CC6BCB /* ShouldRender.swift */; };
		DE22BA162B98380D00CC6BCB /* ShapeNodes.swift in Sources */ = {isa = PBXBuildFile; fileRef = DE22BA152B98380D00CC6BCB /* ShapeNodes.swift */; };
		DE22BA182B99091B00CC6BCB /* ToolButton.swift in Sources */ = {isa = PBXBuildFile; fileRef = DE22BA172B99091B00CC6BCB /* ToolButton.swift */; };
		DE2E6C282BC0D5A2005C06F2 /* InertialCamera.swift in Sources */ = {isa = PBXBuildFile; fileRef = DE2E6C272BC0D5A2005C06F2 /* InertialCamera.swift */; };
		DE2E6C2D2BC23792005C06F2 /* Tracer.sks in Resources */ = {isa = PBXBuildFile; fileRef = DE2E6C2B2BC23792005C06F2 /* Tracer.sks */; };
		DE2E6C2E2BC23792005C06F2 /* Assets.xcassets in Resources */ = {isa = PBXBuildFile; fileRef = DE2E6C2C2BC23792005C06F2 /* Assets.xcassets */; };
		DE2F263C2B5A2873004003C3 /* SpriteKitExplorerApp.swift in Sources */ = {isa = PBXBuildFile; fileRef = DE2F263B2B5A2873004003C3 /* SpriteKitExplorerApp.swift */; };
		DE2F263E2B5A2873004003C3 /* MainMenu.swift in Sources */ = {isa = PBXBuildFile; fileRef = DE2F263D2B5A2873004003C3 /* MainMenu.swift */; };
		DE2F264A2B5A29AF004003C3 /* Combine.swift in Sources */ = {isa = PBXBuildFile; fileRef = DE2F26492B5A29AF004003C3 /* Combine.swift */; };
		DE3607432B64EEC40005BDE4 /* ChainCIFilter.swift in Sources */ = {isa = PBXBuildFile; fileRef = DE3607422B64EEC40005BDE4 /* ChainCIFilter.swift */; };
		DE3A68632B60378800D10D6E /* Lighting.swift in Sources */ = {isa = PBXBuildFile; fileRef = DE3A68622B60378800D10D6E /* Lighting.swift */; };
		DE3F54252BDC3A8D000D4C6E /* Fire.sks in Resources */ = {isa = PBXBuildFile; fileRef = DE3F54242BDC3A8D000D4C6E /* Fire.sks */; };
		DE3F54282BDC59A9000D4C6E /* IndicationArrow.swift in Sources */ = {isa = PBXBuildFile; fileRef = DE3F54272BDC59A9000D4C6E /* IndicationArrow.swift */; };
		DE4292F82B5B23A2004326C9 /* SimulationSpeed.swift in Sources */ = {isa = PBXBuildFile; fileRef = DE4292F72B5B23A2004326C9 /* SimulationSpeed.swift */; };
		DE4292FA2B5BADC0004326C9 /* StoreAndReset.swift in Sources */ = {isa = PBXBuildFile; fileRef = DE4292F92B5BADC0004326C9 /* StoreAndReset.swift */; };
		DE4292FC2B5BAEC0004326C9 /* SwiftUIButtons.swift in Sources */ = {isa = PBXBuildFile; fileRef = DE4292FB2B5BAEC0004326C9 /* SwiftUIButtons.swift */; };
		DE48FB4F2BE95FB800375EA6 /* Water.sks in Resources */ = {isa = PBXBuildFile; fileRef = DE48FB4E2BE95FB800375EA6 /* Water.sks */; };
		DE48FB512BEB01F200375EA6 /* Buttons.swift in Sources */ = {isa = PBXBuildFile; fileRef = DE48FB502BEB01F200375EA6 /* Buttons.swift */; };
		DE48FB532BED532800375EA6 /* MyScene.sks in Resources */ = {isa = PBXBuildFile; fileRef = DE48FB522BED532800375EA6 /* MyScene.sks */; };
		DE4BA9F52BB8937E009B418F /* Shaders.swift in Sources */ = {isa = PBXBuildFile; fileRef = DE4BA9F42BB8937E009B418F /* Shaders.swift */; };
		DE4BA9F92BB89BAE009B418F /* crt-retro.fsh in Resources */ = {isa = PBXBuildFile; fileRef = DE4BA9F82BB89BAE009B418F /* crt-retro.fsh */; };
		DE4BA9FB2BB89D93009B418F /* water-movement.fsh in Resources */ = {isa = PBXBuildFile; fileRef = DE4BA9FA2BB89D93009B418F /* water-movement.fsh */; };
		DE4BA9FD2BB8A085009B418F /* motion-blur.fsh in Resources */ = {isa = PBXBuildFile; fileRef = DE4BA9FC2BB8A085009B418F /* motion-blur.fsh */; };
		DE4BA9FF2BB8A25B009B418F /* Shaders2.swift in Sources */ = {isa = PBXBuildFile; fileRef = DE4BA9FE2BB8A25B009B418F /* Shaders2.swift */; };
		DE58AB282B7C7FC3007F93B3 /* DataBinding.swift in Sources */ = {isa = PBXBuildFile; fileRef = DE58AB272B7C7FC3007F93B3 /* DataBinding.swift */; };
		DE5F4C842BD8DC0C007E353D /* LayoutPlayground.swift in Sources */ = {isa = PBXBuildFile; fileRef = DE5F4C832BD8DC0C007E353D /* LayoutPlayground.swift */; };
		DE5F4C862BD8DD63007E353D /* PhysicsLayout.swift in Sources */ = {isa = PBXBuildFile; fileRef = DE5F4C852BD8DD63007E353D /* PhysicsLayout.swift */; };
		DE7F08832BF68D7600F97B21 /* PhysicsJoints.swift in Sources */ = {isa = PBXBuildFile; fileRef = DE7F08822BF68D7600F97B21 /* PhysicsJoints.swift */; };
		DE91203F2BB4B45A00B3B63F /* VideoPhysics.swift in Sources */ = {isa = PBXBuildFile; fileRef = DE91203E2BB4B45A00B3B63F /* VideoPhysics.swift */; };
		DE9120412BB4EE2400B3B63F /* Numbers.swift in Sources */ = {isa = PBXBuildFile; fileRef = DE9120402BB4EE2400B3B63F /* Numbers.swift */; };
		DE9C0B4B2BDD844900F88D4C /* FieldNodes.swift in Sources */ = {isa = PBXBuildFile; fileRef = DE9C0B4A2BDD844900F88D4C /* FieldNodes.swift */; };
		DE9C0B4D2BDDD2D500F88D4C /* Smoke.sks in Resources */ = {isa = PBXBuildFile; fileRef = DE9C0B4C2BDDD2D500F88D4C /* Smoke.sks */; };
		DE9E96282BD4DAC9006B54C0 /* ShadersPlayground.swift in Sources */ = {isa = PBXBuildFile; fileRef = DE9E96272BD4DAC9006B54C0 /* ShadersPlayground.swift */; };
		DE9E962A2BD4E327006B54C0 /* BMGlyph.swift in Sources */ = {isa = PBXBuildFile; fileRef = DE9E96292BD4E327006B54C0 /* BMGlyph.swift */; };
		DE9E962D2BD66B15006B54C0 /* ActionsPlayground.swift in Sources */ = {isa = PBXBuildFile; fileRef = DE9E962C2BD66B15006B54C0 /* ActionsPlayground.swift */; };
		DE9E962F2BD752FE006B54C0 /* GestureVisualization.swift in Sources */ = {isa = PBXBuildFile; fileRef = DE9E962E2BD752FE006B54C0 /* GestureVisualization.swift */; };
		DE9E96312BD77225006B54C0 /* UIPlayground.swift in Sources */ = {isa = PBXBuildFile; fileRef = DE9E96302BD77225006B54C0 /* UIPlayground.swift */; };
		DEABB9D82B6380B40023B79B /* FlingDrag.swift in Sources */ = {isa = PBXBuildFile; fileRef = DEABB9D72B6380B40023B79B /* FlingDrag.swift */; };
		DEACDF652B9FE88B00D496D2 /* HexSKColor.swift in Sources */ = {isa = PBXBuildFile; fileRef = DEACDF642B9FE88B00D496D2 /* HexSKColor.swift */; };
		DEACDF682BA12F4D00D496D2 /* LabelNodes.swift in Sources */ = {isa = PBXBuildFile; fileRef = DEACDF672BA12F4D00D496D2 /* LabelNodes.swift */; };
		DEACDF6B2BA134F800D496D2 /* Assets.xcassets in Resources */ = {isa = PBXBuildFile; fileRef = DE2F263F2B5A2875004003C3 /* Assets.xcassets */; };
		DEACDF6D2BA1353200D496D2 /* CormorantGaramond-Regular.ttf in Resources */ = {isa = PBXBuildFile; fileRef = DEACDF6C2BA1353200D496D2 /* CormorantGaramond-Regular.ttf */; };
		DEAFED8A2BA77CEF0030857E /* TextureSizeLimit.swift in Sources */ = {isa = PBXBuildFile; fileRef = DEAFED892BA77CEF0030857E /* TextureSizeLimit.swift */; };
		DEAFED8C2BA8C4B00030857E /* UIKits.swift in Sources */ = {isa = PBXBuildFile; fileRef = DEAFED8B2BA8C4B00030857E /* UIKits.swift */; };
		DEAFED8F2BA8F7DD0030857E /* CGDemo.swift in Sources */ = {isa = PBXBuildFile; fileRef = DEAFED8E2BA8F7DD0030857E /* CGDemo.swift */; };
		DEAFED922BAA1EED0030857E /* TouchEvents.swift in Sources */ = {isa = PBXBuildFile; fileRef = DEAFED912BAA1EED0030857E /* TouchEvents.swift */; };
		DEAFED942BAA22E90030857E /* Misc.swift in Sources */ = {isa = PBXBuildFile; fileRef = DEAFED932BAA22E90030857E /* Misc.swift */; };
		DEAFED972BAA42FB0030857E /* GKPlayground.swift in Sources */ = {isa = PBXBuildFile; fileRef = DEAFED962BAA42FB0030857E /* GKPlayground.swift */; };
		DEB4ED3E2BAF91140097EEC0 /* Cars on Bridge - Legio Seven - SD.mp4 in Resources */ = {isa = PBXBuildFile; fileRef = DEB4ED3D2BAF91140097EEC0 /* Cars on Bridge - Legio Seven - SD.mp4 */; };
		DEB4ED402BAF92850097EEC0 /* SF-Pro.ttf in Resources */ = {isa = PBXBuildFile; fileRef = DEB4ED3F2BAF92850097EEC0 /* SF-Pro.ttf */; };
		DEB4ED442BB116C20097EEC0 /* HitDetection.swift in Sources */ = {isa = PBXBuildFile; fileRef = DEB4ED432BB116C20097EEC0 /* HitDetection.swift */; };
		DEB4ED462BB25E970097EEC0 /* FilterSpin.swift in Sources */ = {isa = PBXBuildFile; fileRef = DEB4ED452BB25E970097EEC0 /* FilterSpin.swift */; };
		DEB55FDE2BFA788900C4303A /* PhysicsScale.swift in Sources */ = {isa = PBXBuildFile; fileRef = DEB55FDD2BFA788900C4303A /* PhysicsScale.swift */; };
		DEB55FE02BFD7C9D00C4303A /* FilteringMode.swift in Sources */ = {isa = PBXBuildFile; fileRef = DEB55FDF2BFD7C9D00C4303A /* FilteringMode.swift */; };
		DEB8750B2BC54EDE00A21BCB /* MagicParticles.sks in Resources */ = {isa = PBXBuildFile; fileRef = DEB8750A2BC54EDE00A21BCB /* MagicParticles.sks */; };
		DEC9BAF72BAB579100563A99 /* SpriteAnimation.swift in Sources */ = {isa = PBXBuildFile; fileRef = DEC9BAF62BAB579100563A99 /* SpriteAnimation.swift */; };
		DEC9BAFA2BAC95F800563A99 /* GenerateGridImage.swift in Sources */ = {isa = PBXBuildFile; fileRef = DEC9BAF92BAC95F800563A99 /* GenerateGridImage.swift */; };
		DEC9BAFD2BAD254700563A99 /* VideoNode.swift in Sources */ = {isa = PBXBuildFile; fileRef = DEC9BAFC2BAD254700563A99 /* VideoNode.swift */; };
		DEC9BB052BAD44C300563A99 /* AVPlayer.swift in Sources */ = {isa = PBXBuildFile; fileRef = DEC9BB042BAD44C300563A99 /* AVPlayer.swift */; };
		DEC9BB072BAD482700563A99 /* Multi-touch typography.mp4 in Resources */ = {isa = PBXBuildFile; fileRef = DEC9BB062BAD482700563A99 /* Multi-touch typography.mp4 */; };
		DED58E112BD9690C00F8ED45 /* Scrap.swift in Sources */ = {isa = PBXBuildFile; fileRef = DED58E102BD9690C00F8ED45 /* Scrap.swift */; };
		DEE20AA92BA56AE300D4B4D1 /* SceneTransitions.swift in Sources */ = {isa = PBXBuildFile; fileRef = DEE20AA82BA56AE300D4B4D1 /* SceneTransitions.swift */; };
		DEE84EE92BF33F9B00FD58BD /* SKShapeNode+Arrow.swift in Sources */ = {isa = PBXBuildFile; fileRef = DEE84EE82BF33F9B00FD58BD /* SKShapeNode+Arrow.swift */; };
		DEF4F1572BE02E45003E3AD7 /* FireLarge.sks in Resources */ = {isa = PBXBuildFile; fileRef = DEF4F1562BE02E45003E3AD7 /* FireLarge.sks */; };
		DEF4F1592BE293A5003E3AD7 /* ParticlesPlayground.swift in Sources */ = {isa = PBXBuildFile; fileRef = DEF4F1582BE293A5003E3AD7 /* ParticlesPlayground.swift */; };
		DEF4F15B2BE44714003E3AD7 /* PhysicsPlayground.swift in Sources */ = {isa = PBXBuildFile; fileRef = DEF4F15A2BE44714003E3AD7 /* PhysicsPlayground.swift */; };
		DEF4F1602BE58FD0003E3AD7 /* SKScene+Extensions.swift in Sources */ = {isa = PBXBuildFile; fileRef = DEF4F15F2BE58FD0003E3AD7 /* SKScene+Extensions.swift */; };
		DEF4F1622BE924D6003E3AD7 /* Manipulation.swift in Sources */ = {isa = PBXBuildFile; fileRef = DEF4F1612BE924D6003E3AD7 /* Manipulation.swift */; };
		DEFDE3012C03CA560044DC8A /* VisualizationParticles.sks in Resources */ = {isa = PBXBuildFile; fileRef = DEFDE3002C03CA560044DC8A /* VisualizationParticles.sks */; };
		DEFE9DA82BC49049002EDD9F /* UIScreen+ScreenCorners.swift in Sources */ = {isa = PBXBuildFile; fileRef = DEFE9DA72BC49049002EDD9F /* UIScreen+ScreenCorners.swift */; };
		DEFE9DAA2BC4A5DE002EDD9F /* IsometricCamera.swift in Sources */ = {isa = PBXBuildFile; fileRef = DEFE9DA92BC4A5DE002EDD9F /* IsometricCamera.swift */; };
		DEFE9DAF2BC4A81C002EDD9F /* CameraPlayground.swift in Sources */ = {isa = PBXBuildFile; fileRef = DEFE9DAE2BC4A81C002EDD9F /* CameraPlayground.swift */; };
/* End PBXBuildFile section */

/* Begin PBXFileReference section */
		DE020BF02BD2DF9000D897F8 /* CGGenerators.swift */ = {isa = PBXFileReference; lastKnownFileType = sourcecode.swift; path = CGGenerators.swift; sourceTree = "<group>"; };
		DE020BF22BD32A0B00D897F8 /* ViewProperties.swift */ = {isa = PBXFileReference; lastKnownFileType = sourcecode.swift; path = ViewProperties.swift; sourceTree = "<group>"; };
		DE020BF42BD33BEB00D897F8 /* PhysicsBenchmarks.swift */ = {isa = PBXFileReference; lastKnownFileType = sourcecode.swift; path = PhysicsBenchmarks.swift; sourceTree = "<group>"; };
		DE0662A12C0693E100D5869A /* JointsWithCamera.swift */ = {isa = PBXFileReference; lastKnownFileType = sourcecode.swift; path = JointsWithCamera.swift; sourceTree = "<group>"; };
		DE0ABE162BF9774900C68A04 /* PhysicsObjects.swift */ = {isa = PBXFileReference; lastKnownFileType = sourcecode.swift; path = PhysicsObjects.swift; sourceTree = "<group>"; };
		DE0B6B202B9CAEED006D75CB /* SpriteNodes.swift */ = {isa = PBXFileReference; lastKnownFileType = sourcecode.swift; path = SpriteNodes.swift; sourceTree = "<group>"; };
		DE0B6B222B9FC760006D75CB /* ColorWheel.swift */ = {isa = PBXFileReference; lastKnownFileType = sourcecode.swift; path = ColorWheel.swift; sourceTree = "<group>"; };
		DE16D1332B67E3FB0076836A /* AppIcon.pxd */ = {isa = PBXFileReference; lastKnownFileType = file; path = AppIcon.pxd; sourceTree = "<group>"; };
		DE16D1352B67E3FB0076836A /* AppIcon.png */ = {isa = PBXFileReference; lastKnownFileType = image.png; path = AppIcon.png; sourceTree = "<group>"; };
		DE16D1392B67E42B0076836A /* README.md */ = {isa = PBXFileReference; lastKnownFileType = net.daringfireball.markdown; path = README.md; sourceTree = "<group>"; };
		DE22B9E92B95956400CC6BCB /* Easing.swift */ = {isa = PBXFileReference; fileEncoding = 4; lastKnownFileType = sourcecode.swift; path = Easing.swift; sourceTree = "<group>"; };
		DE22B9EA2B95956400CC6BCB /* EasingDeclarations.swift */ = {isa = PBXFileReference; fileEncoding = 4; lastKnownFileType = sourcecode.swift; path = EasingDeclarations.swift; sourceTree = "<group>"; };
		DE22B9EB2B95956400CC6BCB /* SKEase.swift */ = {isa = PBXFileReference; fileEncoding = 4; lastKnownFileType = sourcecode.swift; path = SKEase.swift; sourceTree = "<group>"; };
		DE22B9F22B95AA7300CC6BCB /* SKColor+Extensions.swift */ = {isa = PBXFileReference; fileEncoding = 4; lastKnownFileType = sourcecode.swift; path = "SKColor+Extensions.swift"; sourceTree = "<group>"; };
		DE22B9F32B95AA7300CC6BCB /* CGVector+Extensions.swift */ = {isa = PBXFileReference; fileEncoding = 4; lastKnownFileType = sourcecode.swift; path = "CGVector+Extensions.swift"; sourceTree = "<group>"; };
		DE22B9F42B95AA7300CC6BCB /* Int+Extensions.swift */ = {isa = PBXFileReference; fileEncoding = 4; lastKnownFileType = sourcecode.swift; path = "Int+Extensions.swift"; sourceTree = "<group>"; };
		DE22B9F52B95AA7300CC6BCB /* SKTTimingFunctions.swift */ = {isa = PBXFileReference; fileEncoding = 4; lastKnownFileType = sourcecode.swift; path = SKTTimingFunctions.swift; sourceTree = "<group>"; };
		DE22B9F62B95AA7300CC6BCB /* SKAction+Extensions.swift */ = {isa = PBXFileReference; fileEncoding = 4; lastKnownFileType = sourcecode.swift; path = "SKAction+Extensions.swift"; sourceTree = "<group>"; };
		DE22B9F72B95AA7300CC6BCB /* SKAction+SpecialEffects.swift */ = {isa = PBXFileReference; fileEncoding = 4; lastKnownFileType = sourcecode.swift; path = "SKAction+SpecialEffects.swift"; sourceTree = "<group>"; };
		DE22B9F82B95AA7300CC6BCB /* SKNode+Extensions.swift */ = {isa = PBXFileReference; fileEncoding = 4; lastKnownFileType = sourcecode.swift; path = "SKNode+Extensions.swift"; sourceTree = "<group>"; };
		DE22B9F92B95AA7300CC6BCB /* CGPoint+Extensions.swift */ = {isa = PBXFileReference; fileEncoding = 4; lastKnownFileType = sourcecode.swift; path = "CGPoint+Extensions.swift"; sourceTree = "<group>"; };
		DE22B9FA2B95AA7300CC6BCB /* SKTEffects.swift */ = {isa = PBXFileReference; fileEncoding = 4; lastKnownFileType = sourcecode.swift; path = SKTEffects.swift; sourceTree = "<group>"; };
		DE22B9FB2B95AA7300CC6BCB /* SKTAudio.swift */ = {isa = PBXFileReference; fileEncoding = 4; lastKnownFileType = sourcecode.swift; path = SKTAudio.swift; sourceTree = "<group>"; };
		DE22B9FC2B95AA7300CC6BCB /* Vector3.swift */ = {isa = PBXFileReference; fileEncoding = 4; lastKnownFileType = sourcecode.swift; path = Vector3.swift; sourceTree = "<group>"; };
		DE22B9FD2B95AA7300CC6BCB /* CGFloat+Extensions.swift */ = {isa = PBXFileReference; fileEncoding = 4; lastKnownFileType = sourcecode.swift; path = "CGFloat+Extensions.swift"; sourceTree = "<group>"; };
		DE22BA0A2B966AEF00CC6BCB /* SpriteKitUI.swift */ = {isa = PBXFileReference; lastKnownFileType = sourcecode.swift; path = SpriteKitUI.swift; sourceTree = "<group>"; };
		DE22BA0C2B969D2500CC6BCB /* ShouldRender.swift */ = {isa = PBXFileReference; lastKnownFileType = sourcecode.swift; path = ShouldRender.swift; sourceTree = "<group>"; };
		DE22BA152B98380D00CC6BCB /* ShapeNodes.swift */ = {isa = PBXFileReference; lastKnownFileType = sourcecode.swift; path = ShapeNodes.swift; sourceTree = "<group>"; };
		DE22BA172B99091B00CC6BCB /* ToolButton.swift */ = {isa = PBXFileReference; lastKnownFileType = sourcecode.swift; path = ToolButton.swift; sourceTree = "<group>"; };
		DE2E6C272BC0D5A2005C06F2 /* InertialCamera.swift */ = {isa = PBXFileReference; lastKnownFileType = sourcecode.swift; path = InertialCamera.swift; sourceTree = "<group>"; };
		DE2E6C2B2BC23792005C06F2 /* Tracer.sks */ = {isa = PBXFileReference; lastKnownFileType = file.sks; path = Tracer.sks; sourceTree = "<group>"; };
		DE2E6C2C2BC23792005C06F2 /* Assets.xcassets */ = {isa = PBXFileReference; lastKnownFileType = folder.assetcatalog; path = Assets.xcassets; sourceTree = "<group>"; };
		DE2F26382B5A2873004003C3 /* SpriteKitExplorer.app */ = {isa = PBXFileReference; explicitFileType = wrapper.application; includeInIndex = 0; path = SpriteKitExplorer.app; sourceTree = BUILT_PRODUCTS_DIR; };
		DE2F263B2B5A2873004003C3 /* SpriteKitExplorerApp.swift */ = {isa = PBXFileReference; lastKnownFileType = sourcecode.swift; path = SpriteKitExplorerApp.swift; sourceTree = "<group>"; };
		DE2F263D2B5A2873004003C3 /* MainMenu.swift */ = {isa = PBXFileReference; lastKnownFileType = sourcecode.swift; path = MainMenu.swift; sourceTree = "<group>"; };
		DE2F263F2B5A2875004003C3 /* Assets.xcassets */ = {isa = PBXFileReference; lastKnownFileType = folder.assetcatalog; path = Assets.xcassets; sourceTree = "<group>"; };
		DE2F26492B5A29AF004003C3 /* Combine.swift */ = {isa = PBXFileReference; lastKnownFileType = sourcecode.swift; path = Combine.swift; sourceTree = "<group>"; };
		DE3607422B64EEC40005BDE4 /* ChainCIFilter.swift */ = {isa = PBXFileReference; lastKnownFileType = sourcecode.swift; path = ChainCIFilter.swift; sourceTree = "<group>"; };
		DE3607442B64F6140005BDE4 /* Core Image Filters.md */ = {isa = PBXFileReference; lastKnownFileType = net.daringfireball.markdown; path = "Core Image Filters.md"; sourceTree = "<group>"; };
		DE3A68622B60378800D10D6E /* Lighting.swift */ = {isa = PBXFileReference; lastKnownFileType = sourcecode.swift; path = Lighting.swift; sourceTree = "<group>"; };
		DE3F54242BDC3A8D000D4C6E /* Fire.sks */ = {isa = PBXFileReference; lastKnownFileType = file.sks; path = Fire.sks; sourceTree = "<group>"; };
		DE3F54272BDC59A9000D4C6E /* IndicationArrow.swift */ = {isa = PBXFileReference; lastKnownFileType = sourcecode.swift; path = IndicationArrow.swift; sourceTree = "<group>"; };
		DE4292F72B5B23A2004326C9 /* SimulationSpeed.swift */ = {isa = PBXFileReference; lastKnownFileType = sourcecode.swift; path = SimulationSpeed.swift; sourceTree = "<group>"; };
		DE4292F92B5BADC0004326C9 /* StoreAndReset.swift */ = {isa = PBXFileReference; lastKnownFileType = sourcecode.swift; path = StoreAndReset.swift; sourceTree = "<group>"; };
		DE4292FB2B5BAEC0004326C9 /* SwiftUIButtons.swift */ = {isa = PBXFileReference; lastKnownFileType = sourcecode.swift; path = SwiftUIButtons.swift; sourceTree = "<group>"; };
		DE48FB4E2BE95FB800375EA6 /* Water.sks */ = {isa = PBXFileReference; lastKnownFileType = file.sks; path = Water.sks; sourceTree = "<group>"; };
		DE48FB502BEB01F200375EA6 /* Buttons.swift */ = {isa = PBXFileReference; lastKnownFileType = sourcecode.swift; path = Buttons.swift; sourceTree = "<group>"; };
		DE48FB522BED532800375EA6 /* MyScene.sks */ = {isa = PBXFileReference; lastKnownFileType = file.sks; path = MyScene.sks; sourceTree = "<group>"; };
		DE4BA9F42BB8937E009B418F /* Shaders.swift */ = {isa = PBXFileReference; lastKnownFileType = sourcecode.swift; path = Shaders.swift; sourceTree = "<group>"; };
		DE4BA9F82BB89BAE009B418F /* crt-retro.fsh */ = {isa = PBXFileReference; lastKnownFileType = sourcecode.glsl; path = "crt-retro.fsh"; sourceTree = "<group>"; };
		DE4BA9FA2BB89D93009B418F /* water-movement.fsh */ = {isa = PBXFileReference; lastKnownFileType = sourcecode.glsl; path = "water-movement.fsh"; sourceTree = "<group>"; };
		DE4BA9FC2BB8A085009B418F /* motion-blur.fsh */ = {isa = PBXFileReference; lastKnownFileType = sourcecode.glsl; path = "motion-blur.fsh"; sourceTree = "<group>"; };
		DE4BA9FE2BB8A25B009B418F /* Shaders2.swift */ = {isa = PBXFileReference; lastKnownFileType = sourcecode.swift; path = Shaders2.swift; sourceTree = "<group>"; };
		DE58AB272B7C7FC3007F93B3 /* DataBinding.swift */ = {isa = PBXFileReference; lastKnownFileType = sourcecode.swift; path = DataBinding.swift; sourceTree = "<group>"; };
		DE5F4C832BD8DC0C007E353D /* LayoutPlayground.swift */ = {isa = PBXFileReference; lastKnownFileType = sourcecode.swift; path = LayoutPlayground.swift; sourceTree = "<group>"; };
		DE5F4C852BD8DD63007E353D /* PhysicsLayout.swift */ = {isa = PBXFileReference; lastKnownFileType = sourcecode.swift; path = PhysicsLayout.swift; sourceTree = "<group>"; };
		DE7F08822BF68D7600F97B21 /* PhysicsJoints.swift */ = {isa = PBXFileReference; lastKnownFileType = sourcecode.swift; path = PhysicsJoints.swift; sourceTree = "<group>"; };
		DE91203E2BB4B45A00B3B63F /* VideoPhysics.swift */ = {isa = PBXFileReference; lastKnownFileType = sourcecode.swift; path = VideoPhysics.swift; sourceTree = "<group>"; };
		DE9120402BB4EE2400B3B63F /* Numbers.swift */ = {isa = PBXFileReference; lastKnownFileType = sourcecode.swift; path = Numbers.swift; sourceTree = "<group>"; };
		DE9C0B4A2BDD844900F88D4C /* FieldNodes.swift */ = {isa = PBXFileReference; lastKnownFileType = sourcecode.swift; path = FieldNodes.swift; sourceTree = "<group>"; };
		DE9C0B4C2BDDD2D500F88D4C /* Smoke.sks */ = {isa = PBXFileReference; lastKnownFileType = file.sks; path = Smoke.sks; sourceTree = "<group>"; };
		DE9E96272BD4DAC9006B54C0 /* ShadersPlayground.swift */ = {isa = PBXFileReference; lastKnownFileType = sourcecode.swift; path = ShadersPlayground.swift; sourceTree = "<group>"; };
		DE9E96292BD4E327006B54C0 /* BMGlyph.swift */ = {isa = PBXFileReference; lastKnownFileType = sourcecode.swift; path = BMGlyph.swift; sourceTree = "<group>"; };
		DE9E962C2BD66B15006B54C0 /* ActionsPlayground.swift */ = {isa = PBXFileReference; lastKnownFileType = sourcecode.swift; path = ActionsPlayground.swift; sourceTree = "<group>"; };
		DE9E962E2BD752FE006B54C0 /* GestureVisualization.swift */ = {isa = PBXFileReference; lastKnownFileType = sourcecode.swift; path = GestureVisualization.swift; sourceTree = "<group>"; };
		DE9E96302BD77225006B54C0 /* UIPlayground.swift */ = {isa = PBXFileReference; lastKnownFileType = sourcecode.swift; path = UIPlayground.swift; sourceTree = "<group>"; };
		DEABB9D72B6380B40023B79B /* FlingDrag.swift */ = {isa = PBXFileReference; lastKnownFileType = sourcecode.swift; path = FlingDrag.swift; sourceTree = "<group>"; };
		DEACDF642B9FE88B00D496D2 /* HexSKColor.swift */ = {isa = PBXFileReference; lastKnownFileType = sourcecode.swift; path = HexSKColor.swift; sourceTree = "<group>"; };
		DEACDF672BA12F4D00D496D2 /* LabelNodes.swift */ = {isa = PBXFileReference; lastKnownFileType = sourcecode.swift; path = LabelNodes.swift; sourceTree = "<group>"; };
		DEACDF6C2BA1353200D496D2 /* CormorantGaramond-Regular.ttf */ = {isa = PBXFileReference; lastKnownFileType = file; path = "CormorantGaramond-Regular.ttf"; sourceTree = "<group>"; };
		DEACDF6F2BA135CD00D496D2 /* Info.plist */ = {isa = PBXFileReference; lastKnownFileType = text.plist; path = Info.plist; sourceTree = "<group>"; };
		DEAFED892BA77CEF0030857E /* TextureSizeLimit.swift */ = {isa = PBXFileReference; lastKnownFileType = sourcecode.swift; path = TextureSizeLimit.swift; sourceTree = "<group>"; };
		DEAFED8B2BA8C4B00030857E /* UIKits.swift */ = {isa = PBXFileReference; lastKnownFileType = sourcecode.swift; path = UIKits.swift; sourceTree = "<group>"; };
		DEAFED8E2BA8F7DD0030857E /* CGDemo.swift */ = {isa = PBXFileReference; lastKnownFileType = sourcecode.swift; path = CGDemo.swift; sourceTree = "<group>"; };
		DEAFED912BAA1EED0030857E /* TouchEvents.swift */ = {isa = PBXFileReference; lastKnownFileType = sourcecode.swift; path = TouchEvents.swift; sourceTree = "<group>"; };
		DEAFED932BAA22E90030857E /* Misc.swift */ = {isa = PBXFileReference; lastKnownFileType = sourcecode.swift; path = Misc.swift; sourceTree = "<group>"; };
		DEAFED962BAA42FB0030857E /* GKPlayground.swift */ = {isa = PBXFileReference; lastKnownFileType = sourcecode.swift; path = GKPlayground.swift; sourceTree = "<group>"; };
		DEB4ED3D2BAF91140097EEC0 /* Cars on Bridge - Legio Seven - SD.mp4 */ = {isa = PBXFileReference; lastKnownFileType = file; path = "Cars on Bridge - Legio Seven - SD.mp4"; sourceTree = "<group>"; };
		DEB4ED3F2BAF92850097EEC0 /* SF-Pro.ttf */ = {isa = PBXFileReference; lastKnownFileType = file; path = "SF-Pro.ttf"; sourceTree = "<group>"; };
		DEB4ED432BB116C20097EEC0 /* HitDetection.swift */ = {isa = PBXFileReference; lastKnownFileType = sourcecode.swift; path = HitDetection.swift; sourceTree = "<group>"; };
		DEB4ED452BB25E970097EEC0 /* FilterSpin.swift */ = {isa = PBXFileReference; lastKnownFileType = sourcecode.swift; path = FilterSpin.swift; sourceTree = "<group>"; };
		DEB55FDD2BFA788900C4303A /* PhysicsScale.swift */ = {isa = PBXFileReference; lastKnownFileType = sourcecode.swift; path = PhysicsScale.swift; sourceTree = "<group>"; };
		DEB55FDF2BFD7C9D00C4303A /* FilteringMode.swift */ = {isa = PBXFileReference; lastKnownFileType = sourcecode.swift; path = FilteringMode.swift; sourceTree = "<group>"; };
		DEB8750A2BC54EDE00A21BCB /* MagicParticles.sks */ = {isa = PBXFileReference; lastKnownFileType = file.sks; path = MagicParticles.sks; sourceTree = "<group>"; };
		DEC9BAF62BAB579100563A99 /* SpriteAnimation.swift */ = {isa = PBXFileReference; lastKnownFileType = sourcecode.swift; path = SpriteAnimation.swift; sourceTree = "<group>"; };
		DEC9BAF92BAC95F800563A99 /* GenerateGridImage.swift */ = {isa = PBXFileReference; lastKnownFileType = sourcecode.swift; path = GenerateGridImage.swift; sourceTree = "<group>"; };
		DEC9BAFC2BAD254700563A99 /* VideoNode.swift */ = {isa = PBXFileReference; lastKnownFileType = sourcecode.swift; path = VideoNode.swift; sourceTree = "<group>"; };
		DEC9BB042BAD44C300563A99 /* AVPlayer.swift */ = {isa = PBXFileReference; lastKnownFileType = sourcecode.swift; path = AVPlayer.swift; sourceTree = "<group>"; };
		DEC9BB062BAD482700563A99 /* Multi-touch typography.mp4 */ = {isa = PBXFileReference; lastKnownFileType = file; path = "Multi-touch typography.mp4"; sourceTree = "<group>"; };
		DED58E102BD9690C00F8ED45 /* Scrap.swift */ = {isa = PBXFileReference; lastKnownFileType = sourcecode.swift; path = Scrap.swift; sourceTree = "<group>"; };
		DEE20AA82BA56AE300D4B4D1 /* SceneTransitions.swift */ = {isa = PBXFileReference; lastKnownFileType = sourcecode.swift; path = SceneTransitions.swift; sourceTree = "<group>"; };
		DEE84EE82BF33F9B00FD58BD /* SKShapeNode+Arrow.swift */ = {isa = PBXFileReference; lastKnownFileType = sourcecode.swift; path = "SKShapeNode+Arrow.swift"; sourceTree = "<group>"; };
		DEF4F1562BE02E45003E3AD7 /* FireLarge.sks */ = {isa = PBXFileReference; lastKnownFileType = file.sks; path = FireLarge.sks; sourceTree = "<group>"; };
		DEF4F1582BE293A5003E3AD7 /* ParticlesPlayground.swift */ = {isa = PBXFileReference; lastKnownFileType = sourcecode.swift; path = ParticlesPlayground.swift; sourceTree = "<group>"; };
		DEF4F15A2BE44714003E3AD7 /* PhysicsPlayground.swift */ = {isa = PBXFileReference; lastKnownFileType = sourcecode.swift; path = PhysicsPlayground.swift; sourceTree = "<group>"; };
		DEF4F15F2BE58FD0003E3AD7 /* SKScene+Extensions.swift */ = {isa = PBXFileReference; lastKnownFileType = sourcecode.swift; path = "SKScene+Extensions.swift"; sourceTree = "<group>"; };
		DEF4F1612BE924D6003E3AD7 /* Manipulation.swift */ = {isa = PBXFileReference; lastKnownFileType = sourcecode.swift; path = Manipulation.swift; sourceTree = "<group>"; };
		DEFDE3002C03CA560044DC8A /* VisualizationParticles.sks */ = {isa = PBXFileReference; lastKnownFileType = file.sks; path = VisualizationParticles.sks; sourceTree = "<group>"; };
		DEFE9DA72BC49049002EDD9F /* UIScreen+ScreenCorners.swift */ = {isa = PBXFileReference; lastKnownFileType = sourcecode.swift; path = "UIScreen+ScreenCorners.swift"; sourceTree = "<group>"; };
		DEFE9DA92BC4A5DE002EDD9F /* IsometricCamera.swift */ = {isa = PBXFileReference; lastKnownFileType = sourcecode.swift; path = IsometricCamera.swift; sourceTree = "<group>"; };
		DEFE9DAE2BC4A81C002EDD9F /* CameraPlayground.swift */ = {isa = PBXFileReference; lastKnownFileType = sourcecode.swift; path = CameraPlayground.swift; sourceTree = "<group>"; };
/* End PBXFileReference section */

/* Begin PBXFrameworksBuildPhase section */
		DE2F26352B5A2873004003C3 /* Frameworks */ = {
			isa = PBXFrameworksBuildPhase;
			buildActionMask = 2147483647;
			files = (
			);
			runOnlyForDeploymentPostprocessing = 0;
		};
/* End PBXFrameworksBuildPhase section */

/* Begin PBXGroup section */
		DE16D1322B67E3C60076836A /* Assets source files */ = {
			isa = PBXGroup;
			children = (
				DEB4ED3D2BAF91140097EEC0 /* Cars on Bridge - Legio Seven - SD.mp4 */,
				DEC9BB062BAD482700563A99 /* Multi-touch typography.mp4 */,
				DE16D1352B67E3FB0076836A /* AppIcon.png */,
				DE16D1332B67E3FB0076836A /* AppIcon.pxd */,
				DEB4ED3F2BAF92850097EEC0 /* SF-Pro.ttf */,
				DEACDF6C2BA1353200D496D2 /* CormorantGaramond-Regular.ttf */,
			);
			path = "Assets source files";
			sourceTree = "<group>";
		};
		DE22B9F02B95967800CC6BCB /* SpriteKitEasing */ = {
			isa = PBXGroup;
			children = (
				DE22B9E92B95956400CC6BCB /* Easing.swift */,
				DE22B9EA2B95956400CC6BCB /* EasingDeclarations.swift */,
				DE22B9EB2B95956400CC6BCB /* SKEase.swift */,
			);
			path = SpriteKitEasing;
			sourceTree = "<group>";
		};
		DE22B9F12B95AA7300CC6BCB /* SKTUtils */ = {
			isa = PBXGroup;
			children = (
				DE22B9F22B95AA7300CC6BCB /* SKColor+Extensions.swift */,
				DE22B9F32B95AA7300CC6BCB /* CGVector+Extensions.swift */,
				DE22B9F42B95AA7300CC6BCB /* Int+Extensions.swift */,
				DE22B9F52B95AA7300CC6BCB /* SKTTimingFunctions.swift */,
				DE22B9F62B95AA7300CC6BCB /* SKAction+Extensions.swift */,
				DE22B9F72B95AA7300CC6BCB /* SKAction+SpecialEffects.swift */,
				DE22B9F82B95AA7300CC6BCB /* SKNode+Extensions.swift */,
				DE22B9F92B95AA7300CC6BCB /* CGPoint+Extensions.swift */,
				DE22B9FA2B95AA7300CC6BCB /* SKTEffects.swift */,
				DE22B9FB2B95AA7300CC6BCB /* SKTAudio.swift */,
				DE22B9FC2B95AA7300CC6BCB /* Vector3.swift */,
				DE22B9FD2B95AA7300CC6BCB /* CGFloat+Extensions.swift */,
			);
			path = SKTUtils;
			sourceTree = "<group>";
		};
		DE22BA0E2B9834EB00CC6BCB /* UI */ = {
			isa = PBXGroup;
			children = (
				DE22BA172B99091B00CC6BCB /* ToolButton.swift */,
				DE0B6B222B9FC760006D75CB /* ColorWheel.swift */,
				DE22BA0A2B966AEF00CC6BCB /* SpriteKitUI.swift */,
				DE9E96302BD77225006B54C0 /* UIPlayground.swift */,
				DE5F4C832BD8DC0C007E353D /* LayoutPlayground.swift */,
				DE4292FB2B5BAEC0004326C9 /* SwiftUIButtons.swift */,
				DE48FB502BEB01F200375EA6 /* Buttons.swift */,
			);
			path = UI;
			sourceTree = "<group>";
		};
		DE2E6C292BC1F580005C06F2 /* Core Graphics */ = {
			isa = PBXGroup;
			children = (
				DEAFED8E2BA8F7DD0030857E /* CGDemo.swift */,
				DE020BF02BD2DF9000D897F8 /* CGGenerators.swift */,
			);
			path = "Core Graphics";
			sourceTree = "<group>";
		};
		DE2E6C2A2BC2376E005C06F2 /* Particles */ = {
			isa = PBXGroup;
			children = (
				DE2E6C2C2BC23792005C06F2 /* Assets.xcassets */,
				DE48FB4E2BE95FB800375EA6 /* Water.sks */,
				DE2E6C2B2BC23792005C06F2 /* Tracer.sks */,
				DE3F54242BDC3A8D000D4C6E /* Fire.sks */,
				DEFDE3002C03CA560044DC8A /* VisualizationParticles.sks */,
				DEF4F1562BE02E45003E3AD7 /* FireLarge.sks */,
				DEB8750A2BC54EDE00A21BCB /* MagicParticles.sks */,
				DE9C0B4C2BDDD2D500F88D4C /* Smoke.sks */,
				DEF4F1582BE293A5003E3AD7 /* ParticlesPlayground.swift */,
			);
			path = Particles;
			sourceTree = "<group>";
		};
		DE2F262F2B5A2873004003C3 = {
			isa = PBXGroup;
			children = (
				DE16D1322B67E3C60076836A /* Assets source files */,
				DEACDF722BA18F6100D496D2 /* Screenshots */,
				DE16D1392B67E42B0076836A /* README.md */,
				DE2F263A2B5A2873004003C3 /* SpriteKitExplorer */,
				DE2F26392B5A2873004003C3 /* Products */,
			);
			sourceTree = "<group>";
		};
		DE2F26392B5A2873004003C3 /* Products */ = {
			isa = PBXGroup;
			children = (
				DE2F26382B5A2873004003C3 /* SpriteKitExplorer.app */,
			);
			name = Products;
			sourceTree = "<group>";
		};
		DE2F263A2B5A2873004003C3 /* SpriteKitExplorer */ = {
			isa = PBXGroup;
			children = (
				DEE84EE72BF33F7C00FD58BD /* MoreSpriteKit */,
				DE9E962B2BD66AFF006B54C0 /* Actions */,
				DEC9BAF82BAB579900563A99 /* Animation */,
				DE2F263F2B5A2875004003C3 /* Assets.xcassets */,
				DE91203B2BB499EC00B3B63F /* Camera */,
				DE2E6C292BC1F580005C06F2 /* Core Graphics */,
				DEACDF732BA19D9100D496D2 /* Core Image */,
				DEACDF742BA19E2000D496D2 /* Data binding */,
				DEACDF662BA12E7A00D496D2 /* Drawing nodes */,
				DEF4F15E2BE58FB2003E3AD7 /* Extensions */,
				DEAFED952BAA42DF0030857E /* GameplayKit */,
				DEACDF6F2BA135CD00D496D2 /* Info.plist */,
				DE2F263D2B5A2873004003C3 /* MainMenu.swift */,
				DE2E6C2A2BC2376E005C06F2 /* Particles */,
				DE9ADF8D2BA279B000B58429 /* Physics */,
				DEACDF752BA19EEB00D496D2 /* Rendering */,
				DEE20AAA2BA589D500D4B4D1 /* Scene Transitions */,
				DE22B9F12B95AA7300CC6BCB /* SKTUtils */,
				DE22B9F02B95967800CC6BCB /* SpriteKitEasing */,
				DE2F263B2B5A2873004003C3 /* SpriteKitExplorerApp.swift */,
				DE9ADF8C2BA2795800B58429 /* Text */,
				DEAFED902BAA1EAD0030857E /* Touch */,
				DE22BA0E2B9834EB00CC6BCB /* UI */,
				DEAFED8D2BA8C9210030857E /* UIKit */,
				DE3607412B64EE8C0005BDE4 /* Utilities */,
				DEC9BAFB2BAD253300563A99 /* Video */,
				DE3F54262BDC598F000D4C6E /* Visualization */,
				DE48FB522BED532800375EA6 /* MyScene.sks */,
			);
			path = SpriteKitExplorer;
			sourceTree = "<group>";
		};
		DE3607412B64EE8C0005BDE4 /* Utilities */ = {
			isa = PBXGroup;
			children = (
				DE3607422B64EEC40005BDE4 /* ChainCIFilter.swift */,
				DEACDF642B9FE88B00D496D2 /* HexSKColor.swift */,
				DEAFED892BA77CEF0030857E /* TextureSizeLimit.swift */,
				DEAFED932BAA22E90030857E /* Misc.swift */,
				DEC9BAF92BAC95F800563A99 /* GenerateGridImage.swift */,
				DE9120402BB4EE2400B3B63F /* Numbers.swift */,
				DEFE9DA72BC49049002EDD9F /* UIScreen+ScreenCorners.swift */,
			);
			path = Utilities;
			sourceTree = "<group>";
		};
		DE3F54262BDC598F000D4C6E /* Visualization */ = {
			isa = PBXGroup;
			children = (
				DE3F54272BDC59A9000D4C6E /* IndicationArrow.swift */,
			);
			path = Visualization;
			sourceTree = "<group>";
		};
		DE91203B2BB499EC00B3B63F /* Camera */ = {
			isa = PBXGroup;
			children = (
				DEFE9DAE2BC4A81C002EDD9F /* CameraPlayground.swift */,
				DE2E6C272BC0D5A2005C06F2 /* InertialCamera.swift */,
				DEFE9DA92BC4A5DE002EDD9F /* IsometricCamera.swift */,
				DE9E962E2BD752FE006B54C0 /* GestureVisualization.swift */,
			);
			path = Camera;
			sourceTree = "<group>";
		};
		DE9ADF8C2BA2795800B58429 /* Text */ = {
			isa = PBXGroup;
			children = (
				DEACDF672BA12F4D00D496D2 /* LabelNodes.swift */,
				DE9E96292BD4E327006B54C0 /* BMGlyph.swift */,
			);
			path = Text;
			sourceTree = "<group>";
		};
		DE9ADF8D2BA279B000B58429 /* Physics */ = {
			isa = PBXGroup;
			children = (
				DE4292F72B5B23A2004326C9 /* SimulationSpeed.swift */,
				DEABB9D72B6380B40023B79B /* FlingDrag.swift */,
				DE91203E2BB4B45A00B3B63F /* VideoPhysics.swift */,
				DE020BF42BD33BEB00D897F8 /* PhysicsBenchmarks.swift */,
				DE5F4C852BD8DD63007E353D /* PhysicsLayout.swift */,
				DED58E102BD9690C00F8ED45 /* Scrap.swift */,
				DE9C0B4A2BDD844900F88D4C /* FieldNodes.swift */,
				DEF4F15A2BE44714003E3AD7 /* PhysicsPlayground.swift */,
				DEB55FDD2BFA788900C4303A /* PhysicsScale.swift */,
				DE0662A12C0693E100D5869A /* JointsWithCamera.swift */,
			);
			path = Physics;
			sourceTree = "<group>";
		};
		DE9E962B2BD66AFF006B54C0 /* Actions */ = {
			isa = PBXGroup;
			children = (
				DE9E962C2BD66B15006B54C0 /* ActionsPlayground.swift */,
			);
			path = Actions;
			sourceTree = "<group>";
		};
		DEACDF662BA12E7A00D496D2 /* Drawing nodes */ = {
			isa = PBXGroup;
			children = (
				DE22BA152B98380D00CC6BCB /* ShapeNodes.swift */,
				DE0B6B202B9CAEED006D75CB /* SpriteNodes.swift */,
			);
			path = "Drawing nodes";
			sourceTree = "<group>";
		};
		DEACDF722BA18F6100D496D2 /* Screenshots */ = {
			isa = PBXGroup;
			children = (
			);
			path = Screenshots;
			sourceTree = "<group>";
		};
		DEACDF732BA19D9100D496D2 /* Core Image */ = {
			isa = PBXGroup;
			children = (
				DE3607442B64F6140005BDE4 /* Core Image Filters.md */,
				DEB4ED452BB25E970097EEC0 /* FilterSpin.swift */,
			);
			path = "Core Image";
			sourceTree = "<group>";
		};
		DEACDF742BA19E2000D496D2 /* Data binding */ = {
			isa = PBXGroup;
			children = (
				DE2F26492B5A29AF004003C3 /* Combine.swift */,
				DE4292F92B5BADC0004326C9 /* StoreAndReset.swift */,
				DE58AB272B7C7FC3007F93B3 /* DataBinding.swift */,
			);
			path = "Data binding";
			sourceTree = "<group>";
		};
		DEACDF752BA19EEB00D496D2 /* Rendering */ = {
			isa = PBXGroup;
			children = (
				DE3A68622B60378800D10D6E /* Lighting.swift */,
				DE22BA0C2B969D2500CC6BCB /* ShouldRender.swift */,
				DE4BA9F42BB8937E009B418F /* Shaders.swift */,
				DE4BA9FE2BB8A25B009B418F /* Shaders2.swift */,
				DE9E96272BD4DAC9006B54C0 /* ShadersPlayground.swift */,
				DE4BA9F82BB89BAE009B418F /* crt-retro.fsh */,
				DE4BA9FA2BB89D93009B418F /* water-movement.fsh */,
				DE4BA9FC2BB8A085009B418F /* motion-blur.fsh */,
				DEB55FDF2BFD7C9D00C4303A /* FilteringMode.swift */,
			);
			path = Rendering;
			sourceTree = "<group>";
		};
		DEAFED8D2BA8C9210030857E /* UIKit */ = {
			isa = PBXGroup;
			children = (
				DEAFED8B2BA8C4B00030857E /* UIKits.swift */,
				DE020BF22BD32A0B00D897F8 /* ViewProperties.swift */,
			);
			path = UIKit;
			sourceTree = "<group>";
		};
		DEAFED902BAA1EAD0030857E /* Touch */ = {
			isa = PBXGroup;
			children = (
				DEAFED912BAA1EED0030857E /* TouchEvents.swift */,
				DEB4ED432BB116C20097EEC0 /* HitDetection.swift */,
				DEF4F1612BE924D6003E3AD7 /* Manipulation.swift */,
			);
			path = Touch;
			sourceTree = "<group>";
		};
		DEAFED952BAA42DF0030857E /* GameplayKit */ = {
			isa = PBXGroup;
			children = (
				DEAFED962BAA42FB0030857E /* GKPlayground.swift */,
			);
			path = GameplayKit;
			sourceTree = "<group>";
		};
		DEC9BAF82BAB579900563A99 /* Animation */ = {
			isa = PBXGroup;
			children = (
				DEC9BAF62BAB579100563A99 /* SpriteAnimation.swift */,
			);
			path = Animation;
			sourceTree = "<group>";
		};
		DEC9BAFB2BAD253300563A99 /* Video */ = {
			isa = PBXGroup;
			children = (
				DEC9BAFC2BAD254700563A99 /* VideoNode.swift */,
				DEC9BB042BAD44C300563A99 /* AVPlayer.swift */,
			);
			path = Video;
			sourceTree = "<group>";
		};
		DEE20AAA2BA589D500D4B4D1 /* Scene Transitions */ = {
			isa = PBXGroup;
			children = (
				DEE20AA82BA56AE300D4B4D1 /* SceneTransitions.swift */,
			);
			path = "Scene Transitions";
			sourceTree = "<group>";
		};
		DEE84EE72BF33F7C00FD58BD /* MoreSpriteKit */ = {
			isa = PBXGroup;
			children = (
				DEE84EE82BF33F9B00FD58BD /* SKShapeNode+Arrow.swift */,
			);
			path = MoreSpriteKit;
			sourceTree = "<group>";
		};
		DEF4F15E2BE58FB2003E3AD7 /* Extensions */ = {
			isa = PBXGroup;
			children = (
				DEF4F15F2BE58FD0003E3AD7 /* SKScene+Extensions.swift */,
				DE0ABE162BF9774900C68A04 /* PhysicsObjects.swift */,
				DE7F08822BF68D7600F97B21 /* PhysicsJoints.swift */,
			);
			path = Extensions;
			sourceTree = "<group>";
		};
/* End PBXGroup section */

/* Begin PBXNativeTarget section */
		DE2F26372B5A2873004003C3 /* SpriteKitExplorer */ = {
			isa = PBXNativeTarget;
			buildConfigurationList = DE2F26462B5A2875004003C3 /* Build configuration list for PBXNativeTarget "SpriteKitExplorer" */;
			buildPhases = (
				DE2F26342B5A2873004003C3 /* Sources */,
				DE2F26352B5A2873004003C3 /* Frameworks */,
				DE2F26362B5A2873004003C3 /* Resources */,
			);
			buildRules = (
			);
			dependencies = (
			);
			name = SpriteKitExplorer;
			productName = SpriteKitExplorer;
			productReference = DE2F26382B5A2873004003C3 /* SpriteKitExplorer.app */;
			productType = "com.apple.product-type.application";
		};
/* End PBXNativeTarget section */

/* Begin PBXProject section */
		DE2F26302B5A2873004003C3 /* Project object */ = {
			isa = PBXProject;
			attributes = {
				BuildIndependentTargetsInParallel = 1;
				LastSwiftUpdateCheck = 1520;
				LastUpgradeCheck = 1520;
				TargetAttributes = {
					DE2F26372B5A2873004003C3 = {
						CreatedOnToolsVersion = 15.2;
					};
				};
			};
			buildConfigurationList = DE2F26332B5A2873004003C3 /* Build configuration list for PBXProject "SpriteKitExplorer" */;
			compatibilityVersion = "Xcode 14.0";
			developmentRegion = en;
			hasScannedForEncodings = 0;
			knownRegions = (
				en,
				Base,
			);
			mainGroup = DE2F262F2B5A2873004003C3;
			packageReferences = (
			);
			productRefGroup = DE2F26392B5A2873004003C3 /* Products */;
			projectDirPath = "";
			projectRoot = "";
			targets = (
				DE2F26372B5A2873004003C3 /* SpriteKitExplorer */,
			);
		};
/* End PBXProject section */

/* Begin PBXResourcesBuildPhase section */
		DE2F26362B5A2873004003C3 /* Resources */ = {
			isa = PBXResourcesBuildPhase;
			buildActionMask = 2147483647;
			files = (
				DE16D1382B67E3FB0076836A /* AppIcon.png in Resources */,
				DE4BA9FD2BB8A085009B418F /* motion-blur.fsh in Resources */,
				DEB4ED402BAF92850097EEC0 /* SF-Pro.ttf in Resources */,
				DE4BA9FB2BB89D93009B418F /* water-movement.fsh in Resources */,
				DE48FB4F2BE95FB800375EA6 /* Water.sks in Resources */,
				DE2E6C2D2BC23792005C06F2 /* Tracer.sks in Resources */,
				DE2E6C2E2BC23792005C06F2 /* Assets.xcassets in Resources */,
				DEACDF6D2BA1353200D496D2 /* CormorantGaramond-Regular.ttf in Resources */,
				DE3F54252BDC3A8D000D4C6E /* Fire.sks in Resources */,
				DEACDF6B2BA134F800D496D2 /* Assets.xcassets in Resources */,
				DE4BA9F92BB89BAE009B418F /* crt-retro.fsh in Resources */,
				DE16D1362B67E3FB0076836A /* AppIcon.pxd in Resources */,
				DE9C0B4D2BDDD2D500F88D4C /* Smoke.sks in Resources */,
				DEB4ED3E2BAF91140097EEC0 /* Cars on Bridge - Legio Seven - SD.mp4 in Resources */,
				DEC9BB072BAD482700563A99 /* Multi-touch typography.mp4 in Resources */,
				DEF4F1572BE02E45003E3AD7 /* FireLarge.sks in Resources */,
				DEFDE3012C03CA560044DC8A /* VisualizationParticles.sks in Resources */,
				DE48FB532BED532800375EA6 /* MyScene.sks in Resources */,
				DEB8750B2BC54EDE00A21BCB /* MagicParticles.sks in Resources */,
			);
			runOnlyForDeploymentPostprocessing = 0;
		};
/* End PBXResourcesBuildPhase section */

/* Begin PBXSourcesBuildPhase section */
		DE2F26342B5A2873004003C3 /* Sources */ = {
			isa = PBXSourcesBuildPhase;
			buildActionMask = 2147483647;
			files = (
				DEF4F1602BE58FD0003E3AD7 /* SKScene+Extensions.swift in Sources */,
				DEC9BAFA2BAC95F800563A99 /* GenerateGridImage.swift in Sources */,
				DEC9BAFD2BAD254700563A99 /* VideoNode.swift in Sources */,
				DEF4F15B2BE44714003E3AD7 /* PhysicsPlayground.swift in Sources */,
				DEB55FDE2BFA788900C4303A /* PhysicsScale.swift in Sources */,
				DEACDF682BA12F4D00D496D2 /* LabelNodes.swift in Sources */,
				DE9120412BB4EE2400B3B63F /* Numbers.swift in Sources */,
				DEAFED922BAA1EED0030857E /* TouchEvents.swift in Sources */,
				DE3607432B64EEC40005BDE4 /* ChainCIFilter.swift in Sources */,
				DEAFED8F2BA8F7DD0030857E /* CGDemo.swift in Sources */,
				DE22BA002B95AA7300CC6BCB /* Int+Extensions.swift in Sources */,
				DE22BA092B95AA7300CC6BCB /* CGFloat+Extensions.swift in Sources */,
				DEF4F1592BE293A5003E3AD7 /* ParticlesPlayground.swift in Sources */,
				DE020BF12BD2DF9000D897F8 /* CGGenerators.swift in Sources */,
				DE58AB282B7C7FC3007F93B3 /* DataBinding.swift in Sources */,
				DE4BA9FF2BB8A25B009B418F /* Shaders2.swift in Sources */,
				DE22B9FF2B95AA7300CC6BCB /* CGVector+Extensions.swift in Sources */,
				DEE20AA92BA56AE300D4B4D1 /* SceneTransitions.swift in Sources */,
				DE0B6B232B9FC760006D75CB /* ColorWheel.swift in Sources */,
				DE0ABE172BF9774900C68A04 /* PhysicsObjects.swift in Sources */,
				DE22BA182B99091B00CC6BCB /* ToolButton.swift in Sources */,
				DE48FB512BEB01F200375EA6 /* Buttons.swift in Sources */,
				DE91203F2BB4B45A00B3B63F /* VideoPhysics.swift in Sources */,
				DE22BA162B98380D00CC6BCB /* ShapeNodes.swift in Sources */,
				DEFE9DAA2BC4A5DE002EDD9F /* IsometricCamera.swift in Sources */,
				DE4BA9F52BB8937E009B418F /* Shaders.swift in Sources */,
				DE9C0B4B2BDD844900F88D4C /* FieldNodes.swift in Sources */,
				DE5F4C842BD8DC0C007E353D /* LayoutPlayground.swift in Sources */,
				DE22BA032B95AA7300CC6BCB /* SKAction+SpecialEffects.swift in Sources */,
				DE9E96282BD4DAC9006B54C0 /* ShadersPlayground.swift in Sources */,
				DE4292FC2B5BAEC0004326C9 /* SwiftUIButtons.swift in Sources */,
				DE22BA042B95AA7300CC6BCB /* SKNode+Extensions.swift in Sources */,
				DEB4ED462BB25E970097EEC0 /* FilterSpin.swift in Sources */,
				DE22B9EE2B95956400CC6BCB /* SKEase.swift in Sources */,
				DE22BA012B95AA7300CC6BCB /* SKTTimingFunctions.swift in Sources */,
				DEFE9DA82BC49049002EDD9F /* UIScreen+ScreenCorners.swift in Sources */,
				DE22BA052B95AA7300CC6BCB /* CGPoint+Extensions.swift in Sources */,
				DEC9BAF72BAB579100563A99 /* SpriteAnimation.swift in Sources */,
				DE9E962A2BD4E327006B54C0 /* BMGlyph.swift in Sources */,
				DE22BA062B95AA7300CC6BCB /* SKTEffects.swift in Sources */,
				DE3A68632B60378800D10D6E /* Lighting.swift in Sources */,
				DE2E6C282BC0D5A2005C06F2 /* InertialCamera.swift in Sources */,
				DEAFED8C2BA8C4B00030857E /* UIKits.swift in Sources */,
				DE0662A22C0693E100D5869A /* JointsWithCamera.swift in Sources */,
				DE22BA022B95AA7300CC6BCB /* SKAction+Extensions.swift in Sources */,
				DE3F54282BDC59A9000D4C6E /* IndicationArrow.swift in Sources */,
				DEABB9D82B6380B40023B79B /* FlingDrag.swift in Sources */,
				DE2F263E2B5A2873004003C3 /* MainMenu.swift in Sources */,
				DEC9BB052BAD44C300563A99 /* AVPlayer.swift in Sources */,
				DE22BA082B95AA7300CC6BCB /* Vector3.swift in Sources */,
				DE2F264A2B5A29AF004003C3 /* Combine.swift in Sources */,
				DE22BA072B95AA7300CC6BCB /* SKTAudio.swift in Sources */,
				DEACDF652B9FE88B00D496D2 /* HexSKColor.swift in Sources */,
				DE020BF52BD33BEB00D897F8 /* PhysicsBenchmarks.swift in Sources */,
				DE22BA0D2B969D2500CC6BCB /* ShouldRender.swift in Sources */,
				DEB55FE02BFD7C9D00C4303A /* FilteringMode.swift in Sources */,
				DEAFED8A2BA77CEF0030857E /* TextureSizeLimit.swift in Sources */,
				DE22B9ED2B95956400CC6BCB /* EasingDeclarations.swift in Sources */,
				DE9E96312BD77225006B54C0 /* UIPlayground.swift in Sources */,
				DED58E112BD9690C00F8ED45 /* Scrap.swift in Sources */,
				DE22BA0B2B966AEF00CC6BCB /* SpriteKitUI.swift in Sources */,
				DE22B9EC2B95956400CC6BCB /* Easing.swift in Sources */,
				DEAFED972BAA42FB0030857E /* GKPlayground.swift in Sources */,
				DEB4ED442BB116C20097EEC0 /* HitDetection.swift in Sources */,
				DE020BF32BD32A0B00D897F8 /* ViewProperties.swift in Sources */,
				DE0B6B212B9CAEED006D75CB /* SpriteNodes.swift in Sources */,
				DE9E962F2BD752FE006B54C0 /* GestureVisualization.swift in Sources */,
				DE4292F82B5B23A2004326C9 /* SimulationSpeed.swift in Sources */,
				DE4292FA2B5BADC0004326C9 /* StoreAndReset.swift in Sources */,
				DE22B9FE2B95AA7300CC6BCB /* SKColor+Extensions.swift in Sources */,
				DE9E962D2BD66B15006B54C0 /* ActionsPlayground.swift in Sources */,
				DEE84EE92BF33F9B00FD58BD /* SKShapeNode+Arrow.swift in Sources */,
				DEAFED942BAA22E90030857E /* Misc.swift in Sources */,
				DEFE9DAF2BC4A81C002EDD9F /* CameraPlayground.swift in Sources */,
				DE7F08832BF68D7600F97B21 /* PhysicsJoints.swift in Sources */,
				DE2F263C2B5A2873004003C3 /* SpriteKitExplorerApp.swift in Sources */,
				DEF4F1622BE924D6003E3AD7 /* Manipulation.swift in Sources */,
				DE5F4C862BD8DD63007E353D /* PhysicsLayout.swift in Sources */,
			);
			runOnlyForDeploymentPostprocessing = 0;
		};
/* End PBXSourcesBuildPhase section */

/* Begin XCBuildConfiguration section */
		DE2F26442B5A2875004003C3 /* Debug */ = {
			isa = XCBuildConfiguration;
			buildSettings = {
				ALWAYS_SEARCH_USER_PATHS = NO;
				ASSETCATALOG_COMPILER_GENERATE_SWIFT_ASSET_SYMBOL_EXTENSIONS = YES;
				CLANG_ANALYZER_NONNULL = YES;
				CLANG_ANALYZER_NUMBER_OBJECT_CONVERSION = YES_AGGRESSIVE;
				CLANG_CXX_LANGUAGE_STANDARD = "gnu++20";
				CLANG_ENABLE_MODULES = YES;
				CLANG_ENABLE_OBJC_ARC = YES;
				CLANG_ENABLE_OBJC_WEAK = YES;
				CLANG_WARN_BLOCK_CAPTURE_AUTORELEASING = YES;
				CLANG_WARN_BOOL_CONVERSION = YES;
				CLANG_WARN_COMMA = YES;
				CLANG_WARN_CONSTANT_CONVERSION = YES;
				CLANG_WARN_DEPRECATED_OBJC_IMPLEMENTATIONS = YES;
				CLANG_WARN_DIRECT_OBJC_ISA_USAGE = YES_ERROR;
				CLANG_WARN_DOCUMENTATION_COMMENTS = YES;
				CLANG_WARN_EMPTY_BODY = YES;
				CLANG_WARN_ENUM_CONVERSION = YES;
				CLANG_WARN_INFINITE_RECURSION = YES;
				CLANG_WARN_INT_CONVERSION = YES;
				CLANG_WARN_NON_LITERAL_NULL_CONVERSION = YES;
				CLANG_WARN_OBJC_IMPLICIT_RETAIN_SELF = YES;
				CLANG_WARN_OBJC_LITERAL_CONVERSION = YES;
				CLANG_WARN_OBJC_ROOT_CLASS = YES_ERROR;
				CLANG_WARN_QUOTED_INCLUDE_IN_FRAMEWORK_HEADER = YES;
				CLANG_WARN_RANGE_LOOP_ANALYSIS = YES;
				CLANG_WARN_STRICT_PROTOTYPES = YES;
				CLANG_WARN_SUSPICIOUS_MOVE = YES;
				CLANG_WARN_UNGUARDED_AVAILABILITY = YES_AGGRESSIVE;
				CLANG_WARN_UNREACHABLE_CODE = YES;
				CLANG_WARN__DUPLICATE_METHOD_MATCH = YES;
				COPY_PHASE_STRIP = NO;
				DEBUG_INFORMATION_FORMAT = dwarf;
				ENABLE_STRICT_OBJC_MSGSEND = YES;
				ENABLE_TESTABILITY = YES;
				ENABLE_USER_SCRIPT_SANDBOXING = YES;
				GCC_C_LANGUAGE_STANDARD = gnu17;
				GCC_DYNAMIC_NO_PIC = NO;
				GCC_NO_COMMON_BLOCKS = YES;
				GCC_OPTIMIZATION_LEVEL = 0;
				GCC_PREPROCESSOR_DEFINITIONS = (
					"DEBUG=1",
					"$(inherited)",
				);
				GCC_WARN_64_TO_32_BIT_CONVERSION = YES;
				GCC_WARN_ABOUT_RETURN_TYPE = YES_ERROR;
				GCC_WARN_UNDECLARED_SELECTOR = YES;
				GCC_WARN_UNINITIALIZED_AUTOS = YES_AGGRESSIVE;
				GCC_WARN_UNUSED_FUNCTION = YES;
				GCC_WARN_UNUSED_VARIABLE = YES;
				IPHONEOS_DEPLOYMENT_TARGET = 17.2;
				LOCALIZATION_PREFERS_STRING_CATALOGS = YES;
				MTL_ENABLE_DEBUG_INFO = INCLUDE_SOURCE;
				MTL_FAST_MATH = YES;
				ONLY_ACTIVE_ARCH = YES;
				SDKROOT = iphoneos;
				SWIFT_ACTIVE_COMPILATION_CONDITIONS = "DEBUG $(inherited)";
				SWIFT_OPTIMIZATION_LEVEL = "-Onone";
			};
			name = Debug;
		};
		DE2F26452B5A2875004003C3 /* Release */ = {
			isa = XCBuildConfiguration;
			buildSettings = {
				ALWAYS_SEARCH_USER_PATHS = NO;
				ASSETCATALOG_COMPILER_GENERATE_SWIFT_ASSET_SYMBOL_EXTENSIONS = YES;
				CLANG_ANALYZER_NONNULL = YES;
				CLANG_ANALYZER_NUMBER_OBJECT_CONVERSION = YES_AGGRESSIVE;
				CLANG_CXX_LANGUAGE_STANDARD = "gnu++20";
				CLANG_ENABLE_MODULES = YES;
				CLANG_ENABLE_OBJC_ARC = YES;
				CLANG_ENABLE_OBJC_WEAK = YES;
				CLANG_WARN_BLOCK_CAPTURE_AUTORELEASING = YES;
				CLANG_WARN_BOOL_CONVERSION = YES;
				CLANG_WARN_COMMA = YES;
				CLANG_WARN_CONSTANT_CONVERSION = YES;
				CLANG_WARN_DEPRECATED_OBJC_IMPLEMENTATIONS = YES;
				CLANG_WARN_DIRECT_OBJC_ISA_USAGE = YES_ERROR;
				CLANG_WARN_DOCUMENTATION_COMMENTS = YES;
				CLANG_WARN_EMPTY_BODY = YES;
				CLANG_WARN_ENUM_CONVERSION = YES;
				CLANG_WARN_INFINITE_RECURSION = YES;
				CLANG_WARN_INT_CONVERSION = YES;
				CLANG_WARN_NON_LITERAL_NULL_CONVERSION = YES;
				CLANG_WARN_OBJC_IMPLICIT_RETAIN_SELF = YES;
				CLANG_WARN_OBJC_LITERAL_CONVERSION = YES;
				CLANG_WARN_OBJC_ROOT_CLASS = YES_ERROR;
				CLANG_WARN_QUOTED_INCLUDE_IN_FRAMEWORK_HEADER = YES;
				CLANG_WARN_RANGE_LOOP_ANALYSIS = YES;
				CLANG_WARN_STRICT_PROTOTYPES = YES;
				CLANG_WARN_SUSPICIOUS_MOVE = YES;
				CLANG_WARN_UNGUARDED_AVAILABILITY = YES_AGGRESSIVE;
				CLANG_WARN_UNREACHABLE_CODE = YES;
				CLANG_WARN__DUPLICATE_METHOD_MATCH = YES;
				COPY_PHASE_STRIP = NO;
				DEBUG_INFORMATION_FORMAT = "dwarf-with-dsym";
				ENABLE_NS_ASSERTIONS = NO;
				ENABLE_STRICT_OBJC_MSGSEND = YES;
				ENABLE_USER_SCRIPT_SANDBOXING = YES;
				GCC_C_LANGUAGE_STANDARD = gnu17;
				GCC_NO_COMMON_BLOCKS = YES;
				GCC_WARN_64_TO_32_BIT_CONVERSION = YES;
				GCC_WARN_ABOUT_RETURN_TYPE = YES_ERROR;
				GCC_WARN_UNDECLARED_SELECTOR = YES;
				GCC_WARN_UNINITIALIZED_AUTOS = YES_AGGRESSIVE;
				GCC_WARN_UNUSED_FUNCTION = YES;
				GCC_WARN_UNUSED_VARIABLE = YES;
				IPHONEOS_DEPLOYMENT_TARGET = 17.2;
				LOCALIZATION_PREFERS_STRING_CATALOGS = YES;
				MTL_ENABLE_DEBUG_INFO = NO;
				MTL_FAST_MATH = YES;
				SDKROOT = iphoneos;
				SWIFT_COMPILATION_MODE = wholemodule;
				VALIDATE_PRODUCT = YES;
			};
			name = Release;
		};
		DE2F26472B5A2875004003C3 /* Debug */ = {
			isa = XCBuildConfiguration;
			buildSettings = {
				ASSETCATALOG_COMPILER_APPICON_NAME = AppIcon;
				CODE_SIGN_STYLE = Automatic;
				CURRENT_PROJECT_VERSION = 1;
				DEVELOPMENT_TEAM = G2XS6FMGZT;
				ENABLE_PREVIEWS = YES;
				GENERATE_INFOPLIST_FILE = YES;
				INFOPLIST_FILE = SpriteKitExplorer/Info.plist;
				INFOPLIST_KEY_CFBundleDisplayName = "SpriteKit Explorer";
				INFOPLIST_KEY_UIApplicationSceneManifest_Generation = YES;
				INFOPLIST_KEY_UIApplicationSupportsIndirectInputEvents = YES;
				INFOPLIST_KEY_UILaunchScreen_Generation = YES;
				INFOPLIST_KEY_UIRequiresFullScreen = YES;
				INFOPLIST_KEY_UIStatusBarHidden = YES;
				INFOPLIST_KEY_UIStatusBarStyle = "";
				INFOPLIST_KEY_UISupportedInterfaceOrientations_iPad = "UIInterfaceOrientationPortrait UIInterfaceOrientationPortraitUpsideDown UIInterfaceOrientationLandscapeLeft UIInterfaceOrientationLandscapeRight";
				INFOPLIST_KEY_UISupportedInterfaceOrientations_iPhone = "UIInterfaceOrientationPortrait UIInterfaceOrientationLandscapeLeft UIInterfaceOrientationLandscapeRight";
				IPHONEOS_DEPLOYMENT_TARGET = 17.0;
				LD_RUNPATH_SEARCH_PATHS = (
					"$(inherited)",
					"@executable_path/Frameworks",
				);
				MARKETING_VERSION = 1.0;
				PRODUCT_BUNDLE_IDENTIFIER = com.achrafkassioui.SpriteKitExplorer;
				PRODUCT_NAME = "$(TARGET_NAME)";
				SWIFT_EMIT_LOC_STRINGS = YES;
				SWIFT_VERSION = 5.0;
				TARGETED_DEVICE_FAMILY = "1,2";
			};
			name = Debug;
		};
		DE2F26482B5A2875004003C3 /* Release */ = {
			isa = XCBuildConfiguration;
			buildSettings = {
				ASSETCATALOG_COMPILER_APPICON_NAME = AppIcon;
				CODE_SIGN_STYLE = Automatic;
				CURRENT_PROJECT_VERSION = 1;
				DEVELOPMENT_TEAM = G2XS6FMGZT;
				ENABLE_PREVIEWS = YES;
				GENERATE_INFOPLIST_FILE = YES;
				INFOPLIST_FILE = SpriteKitExplorer/Info.plist;
				INFOPLIST_KEY_CFBundleDisplayName = "SpriteKit Explorer";
				INFOPLIST_KEY_UIApplicationSceneManifest_Generation = YES;
				INFOPLIST_KEY_UIApplicationSupportsIndirectInputEvents = YES;
				INFOPLIST_KEY_UILaunchScreen_Generation = YES;
				INFOPLIST_KEY_UIRequiresFullScreen = YES;
				INFOPLIST_KEY_UIStatusBarHidden = YES;
				INFOPLIST_KEY_UIStatusBarStyle = "";
				INFOPLIST_KEY_UISupportedInterfaceOrientations_iPad = "UIInterfaceOrientationPortrait UIInterfaceOrientationPortraitUpsideDown UIInterfaceOrientationLandscapeLeft UIInterfaceOrientationLandscapeRight";
				INFOPLIST_KEY_UISupportedInterfaceOrientations_iPhone = "UIInterfaceOrientationPortrait UIInterfaceOrientationLandscapeLeft UIInterfaceOrientationLandscapeRight";
				IPHONEOS_DEPLOYMENT_TARGET = 17.0;
				LD_RUNPATH_SEARCH_PATHS = (
					"$(inherited)",
					"@executable_path/Frameworks",
				);
				MARKETING_VERSION = 1.0;
				PRODUCT_BUNDLE_IDENTIFIER = com.achrafkassioui.SpriteKitExplorer;
				PRODUCT_NAME = "$(TARGET_NAME)";
				SWIFT_EMIT_LOC_STRINGS = YES;
				SWIFT_VERSION = 5.0;
				TARGETED_DEVICE_FAMILY = "1,2";
			};
			name = Release;
		};
/* End XCBuildConfiguration section */

/* Begin XCConfigurationList section */
		DE2F26332B5A2873004003C3 /* Build configuration list for PBXProject "SpriteKitExplorer" */ = {
			isa = XCConfigurationList;
			buildConfigurations = (
				DE2F26442B5A2875004003C3 /* Debug */,
				DE2F26452B5A2875004003C3 /* Release */,
			);
			defaultConfigurationIsVisible = 0;
			defaultConfigurationName = Release;
		};
		DE2F26462B5A2875004003C3 /* Build configuration list for PBXNativeTarget "SpriteKitExplorer" */ = {
			isa = XCConfigurationList;
			buildConfigurations = (
				DE2F26472B5A2875004003C3 /* Debug */,
				DE2F26482B5A2875004003C3 /* Release */,
			);
			defaultConfigurationIsVisible = 0;
			defaultConfigurationName = Release;
		};
/* End XCConfigurationList section */
	};
	rootObject = DE2F26302B5A2873004003C3 /* Project object */;
}
