// !$*UTF8*$!
{
	archiveVersion = 1;
	classes = {
	};
	objectVersion = 56;
	objects = {

/* Begin PBXBuildFile section */
		DE0B6B212B9CAEED006D75CB /* SpriteNodes.swift in Sources */ = {isa = PBXBuildFile; fileRef = DE0B6B202B9CAEED006D75CB /* SpriteNodes.swift */; };
		DE0B6B232B9FC760006D75CB /* ColorWheel.swift in Sources */ = {isa = PBXBuildFile; fileRef = DE0B6B222B9FC760006D75CB /* ColorWheel.swift */; };
		DE16D1362B67E3FB0076836A /* AppIcon.pxd in Resources */ = {isa = PBXBuildFile; fileRef = DE16D1332B67E3FB0076836A /* AppIcon.pxd */; };
		DE16D1382B67E3FB0076836A /* AppIcon.png in Resources */ = {isa = PBXBuildFile; fileRef = DE16D1352B67E3FB0076836A /* AppIcon.png */; };
		DE22B9EC2B95956400CC6BCB /* Easing.swift in Sources */ = {isa = PBXBuildFile; fileRef = DE22B9E92B95956400CC6BCB /* Easing.swift */; };
		DE22B9ED2B95956400CC6BCB /* EasingDeclarations.swift in Sources */ = {isa = PBXBuildFile; fileRef = DE22B9EA2B95956400CC6BCB /* EasingDeclarations.swift */; };
		DE22B9EE2B95956400CC6BCB /* SKEase.swift in Sources */ = {isa = PBXBuildFile; fileRef = DE22B9EB2B95956400CC6BCB /* SKEase.swift */; };
		DE22B9FE2B95AA7300CC6BCB /* SKColor+Extensions.swift in Sources */ = {isa = PBXBuildFile; fileRef = DE22B9F22B95AA7300CC6BCB /* SKColor+Extensions.swift */; };
		DE22B9FF2B95AA7300CC6BCB /* CGVector+Extensions.swift in Sources */ = {isa = PBXBuildFile; fileRef = DE22B9F32B95AA7300CC6BCB /* CGVector+Extensions.swift */; };
		DE22BA002B95AA7300CC6BCB /* Int+Extensions.swift in Sources */ = {isa = PBXBuildFile; fileRef = DE22B9F42B95AA7300CC6BCB /* Int+Extensions.swift */; };
		DE22BA012B95AA7300CC6BCB /* SKTTimingFunctions.swift in Sources */ = {isa = PBXBuildFile; fileRef = DE22B9F52B95AA7300CC6BCB /* SKTTimingFunctions.swift */; };
		DE22BA022B95AA7300CC6BCB /* SKAction+Extensions.swift in Sources */ = {isa = PBXBuildFile; fileRef = DE22B9F62B95AA7300CC6BCB /* SKAction+Extensions.swift */; };
		DE22BA032B95AA7300CC6BCB /* SKAction+SpecialEffects.swift in Sources */ = {isa = PBXBuildFile; fileRef = DE22B9F72B95AA7300CC6BCB /* SKAction+SpecialEffects.swift */; };
		DE22BA042B95AA7300CC6BCB /* SKNode+Extensions.swift in Sources */ = {isa = PBXBuildFile; fileRef = DE22B9F82B95AA7300CC6BCB /* SKNode+Extensions.swift */; };
		DE22BA052B95AA7300CC6BCB /* CGPoint+Extensions.swift in Sources */ = {isa = PBXBuildFile; fileRef = DE22B9F92B95AA7300CC6BCB /* CGPoint+Extensions.swift */; };
		DE22BA062B95AA7300CC6BCB /* SKTEffects.swift in Sources */ = {isa = PBXBuildFile; fileRef = DE22B9FA2B95AA7300CC6BCB /* SKTEffects.swift */; };
		DE22BA072B95AA7300CC6BCB /* SKTAudio.swift in Sources */ = {isa = PBXBuildFile; fileRef = DE22B9FB2B95AA7300CC6BCB /* SKTAudio.swift */; };
		DE22BA082B95AA7300CC6BCB /* Vector3.swift in Sources */ = {isa = PBXBuildFile; fileRef = DE22B9FC2B95AA7300CC6BCB /* Vector3.swift */; };
		DE22BA092B95AA7300CC6BCB /* CGFloat+Extensions.swift in Sources */ = {isa = PBXBuildFile; fileRef = DE22B9FD2B95AA7300CC6BCB /* CGFloat+Extensions.swift */; };
		DE22BA0B2B966AEF00CC6BCB /* SpriteKitUI.swift in Sources */ = {isa = PBXBuildFile; fileRef = DE22BA0A2B966AEF00CC6BCB /* SpriteKitUI.swift */; };
		DE22BA0D2B969D2500CC6BCB /* ShouldRender.swift in Sources */ = {isa = PBXBuildFile; fileRef = DE22BA0C2B969D2500CC6BCB /* ShouldRender.swift */; };
		DE22BA162B98380D00CC6BCB /* ShapeNodes.swift in Sources */ = {isa = PBXBuildFile; fileRef = DE22BA152B98380D00CC6BCB /* ShapeNodes.swift */; };
		DE22BA182B99091B00CC6BCB /* ToolButton.swift in Sources */ = {isa = PBXBuildFile; fileRef = DE22BA172B99091B00CC6BCB /* ToolButton.swift */; };
		DE2F263C2B5A2873004003C3 /* SpriteKitExplorerApp.swift in Sources */ = {isa = PBXBuildFile; fileRef = DE2F263B2B5A2873004003C3 /* SpriteKitExplorerApp.swift */; };
		DE2F263E2B5A2873004003C3 /* MainMenu.swift in Sources */ = {isa = PBXBuildFile; fileRef = DE2F263D2B5A2873004003C3 /* MainMenu.swift */; };
		DE2F264A2B5A29AF004003C3 /* Combine.swift in Sources */ = {isa = PBXBuildFile; fileRef = DE2F26492B5A29AF004003C3 /* Combine.swift */; };
		DE3607402B6411070005BDE4 /* ImageFilters.swift in Sources */ = {isa = PBXBuildFile; fileRef = DE36073F2B6411070005BDE4 /* ImageFilters.swift */; };
		DE3607432B64EEC40005BDE4 /* ChainCIFilter.swift in Sources */ = {isa = PBXBuildFile; fileRef = DE3607422B64EEC40005BDE4 /* ChainCIFilter.swift */; };
		DE3A68632B60378800D10D6E /* Lighting.swift in Sources */ = {isa = PBXBuildFile; fileRef = DE3A68622B60378800D10D6E /* Lighting.swift */; };
		DE4292F82B5B23A2004326C9 /* SimulationSpeed.swift in Sources */ = {isa = PBXBuildFile; fileRef = DE4292F72B5B23A2004326C9 /* SimulationSpeed.swift */; };
		DE4292FA2B5BADC0004326C9 /* StoreAndReset.swift in Sources */ = {isa = PBXBuildFile; fileRef = DE4292F92B5BADC0004326C9 /* StoreAndReset.swift */; };
		DE4292FC2B5BAEC0004326C9 /* firstButtonStyle.swift in Sources */ = {isa = PBXBuildFile; fileRef = DE4292FB2B5BAEC0004326C9 /* firstButtonStyle.swift */; };
		DE58AB282B7C7FC3007F93B3 /* DataBinding.swift in Sources */ = {isa = PBXBuildFile; fileRef = DE58AB272B7C7FC3007F93B3 /* DataBinding.swift */; };
		DE9908002B6EA41000DC0B05 /* CoreImageFilters.json in Resources */ = {isa = PBXBuildFile; fileRef = DE9907FF2B6EA41000DC0B05 /* CoreImageFilters.json */; };
		DEABB9D42B623BB00023B79B /* SpringDrag.swift in Sources */ = {isa = PBXBuildFile; fileRef = DEABB9D32B623BB00023B79B /* SpringDrag.swift */; };
		DEABB9D82B6380B40023B79B /* FlingDrag.swift in Sources */ = {isa = PBXBuildFile; fileRef = DEABB9D72B6380B40023B79B /* FlingDrag.swift */; };
		DEACDF652B9FE88B00D496D2 /* HexSKColor.swift in Sources */ = {isa = PBXBuildFile; fileRef = DEACDF642B9FE88B00D496D2 /* HexSKColor.swift */; };
		DEACDF682BA12F4D00D496D2 /* LabelNodes.swift in Sources */ = {isa = PBXBuildFile; fileRef = DEACDF672BA12F4D00D496D2 /* LabelNodes.swift */; };
		DEACDF6B2BA134F800D496D2 /* Assets.xcassets in Resources */ = {isa = PBXBuildFile; fileRef = DE2F263F2B5A2875004003C3 /* Assets.xcassets */; };
		DEACDF6D2BA1353200D496D2 /* CormorantGaramond-Regular.ttf in Resources */ = {isa = PBXBuildFile; fileRef = DEACDF6C2BA1353200D496D2 /* CormorantGaramond-Regular.ttf */; };
		DEACDF712BA16AAC00D496D2 /* VisualizeNode.swift in Sources */ = {isa = PBXBuildFile; fileRef = DEACDF702BA16AAC00D496D2 /* VisualizeNode.swift */; };
		DEAFED8A2BA77CEF0030857E /* TextureSizeLimit.swift in Sources */ = {isa = PBXBuildFile; fileRef = DEAFED892BA77CEF0030857E /* TextureSizeLimit.swift */; };
		DEAFED8C2BA8C4B00030857E /* UIKits.swift in Sources */ = {isa = PBXBuildFile; fileRef = DEAFED8B2BA8C4B00030857E /* UIKits.swift */; };
		DEAFED8F2BA8F7DD0030857E /* CoreGraphics.swift in Sources */ = {isa = PBXBuildFile; fileRef = DEAFED8E2BA8F7DD0030857E /* CoreGraphics.swift */; };
		DEAFED922BAA1EED0030857E /* TouchEvents.swift in Sources */ = {isa = PBXBuildFile; fileRef = DEAFED912BAA1EED0030857E /* TouchEvents.swift */; };
		DEAFED942BAA22E90030857E /* Misc.swift in Sources */ = {isa = PBXBuildFile; fileRef = DEAFED932BAA22E90030857E /* Misc.swift */; };
		DEAFED972BAA42FB0030857E /* GKPlayground.swift in Sources */ = {isa = PBXBuildFile; fileRef = DEAFED962BAA42FB0030857E /* GKPlayground.swift */; };
		DEB4ED3E2BAF91140097EEC0 /* Cars on Bridge - Legio Seven - SD.mp4 in Resources */ = {isa = PBXBuildFile; fileRef = DEB4ED3D2BAF91140097EEC0 /* Cars on Bridge - Legio Seven - SD.mp4 */; };
		DEB4ED402BAF92850097EEC0 /* SF-Pro.ttf in Resources */ = {isa = PBXBuildFile; fileRef = DEB4ED3F2BAF92850097EEC0 /* SF-Pro.ttf */; };
		DEB4ED442BB116C20097EEC0 /* HitDetection.swift in Sources */ = {isa = PBXBuildFile; fileRef = DEB4ED432BB116C20097EEC0 /* HitDetection.swift */; };
		DEC9BAF72BAB579100563A99 /* SpriteAnimation.swift in Sources */ = {isa = PBXBuildFile; fileRef = DEC9BAF62BAB579100563A99 /* SpriteAnimation.swift */; };
		DEC9BAFA2BAC95F800563A99 /* GenerateGridImage.swift in Sources */ = {isa = PBXBuildFile; fileRef = DEC9BAF92BAC95F800563A99 /* GenerateGridImage.swift */; };
		DEC9BAFD2BAD254700563A99 /* VideoNode.swift in Sources */ = {isa = PBXBuildFile; fileRef = DEC9BAFC2BAD254700563A99 /* VideoNode.swift */; };
		DEC9BB052BAD44C300563A99 /* AVPlayer.swift in Sources */ = {isa = PBXBuildFile; fileRef = DEC9BB042BAD44C300563A99 /* AVPlayer.swift */; };
		DEC9BB072BAD482700563A99 /* Multi-touch typography.mp4 in Resources */ = {isa = PBXBuildFile; fileRef = DEC9BB062BAD482700563A99 /* Multi-touch typography.mp4 */; };
		DEE20AA72BA5628500D4B4D1 /* Keyframes.swift in Sources */ = {isa = PBXBuildFile; fileRef = DEE20AA62BA5628500D4B4D1 /* Keyframes.swift */; };
		DEE20AA92BA56AE300D4B4D1 /* SceneTransitions.swift in Sources */ = {isa = PBXBuildFile; fileRef = DEE20AA82BA56AE300D4B4D1 /* SceneTransitions.swift */; };
/* End PBXBuildFile section */

/* Begin PBXFileReference section */
		DE0B6B202B9CAEED006D75CB /* SpriteNodes.swift */ = {isa = PBXFileReference; lastKnownFileType = sourcecode.swift; path = SpriteNodes.swift; sourceTree = "<group>"; };
		DE0B6B222B9FC760006D75CB /* ColorWheel.swift */ = {isa = PBXFileReference; lastKnownFileType = sourcecode.swift; path = ColorWheel.swift; sourceTree = "<group>"; };
		DE16D1332B67E3FB0076836A /* AppIcon.pxd */ = {isa = PBXFileReference; lastKnownFileType = file; path = AppIcon.pxd; sourceTree = "<group>"; };
		DE16D1352B67E3FB0076836A /* AppIcon.png */ = {isa = PBXFileReference; lastKnownFileType = image.png; path = AppIcon.png; sourceTree = "<group>"; };
		DE16D1392B67E42B0076836A /* README.md */ = {isa = PBXFileReference; lastKnownFileType = net.daringfireball.markdown; path = README.md; sourceTree = "<group>"; };
		DE22B9E92B95956400CC6BCB /* Easing.swift */ = {isa = PBXFileReference; fileEncoding = 4; lastKnownFileType = sourcecode.swift; path = Easing.swift; sourceTree = "<group>"; };
		DE22B9EA2B95956400CC6BCB /* EasingDeclarations.swift */ = {isa = PBXFileReference; fileEncoding = 4; lastKnownFileType = sourcecode.swift; path = EasingDeclarations.swift; sourceTree = "<group>"; };
		DE22B9EB2B95956400CC6BCB /* SKEase.swift */ = {isa = PBXFileReference; fileEncoding = 4; lastKnownFileType = sourcecode.swift; path = SKEase.swift; sourceTree = "<group>"; };
		DE22B9F22B95AA7300CC6BCB /* SKColor+Extensions.swift */ = {isa = PBXFileReference; fileEncoding = 4; lastKnownFileType = sourcecode.swift; path = "SKColor+Extensions.swift"; sourceTree = "<group>"; };
		DE22B9F32B95AA7300CC6BCB /* CGVector+Extensions.swift */ = {isa = PBXFileReference; fileEncoding = 4; lastKnownFileType = sourcecode.swift; path = "CGVector+Extensions.swift"; sourceTree = "<group>"; };
		DE22B9F42B95AA7300CC6BCB /* Int+Extensions.swift */ = {isa = PBXFileReference; fileEncoding = 4; lastKnownFileType = sourcecode.swift; path = "Int+Extensions.swift"; sourceTree = "<group>"; };
		DE22B9F52B95AA7300CC6BCB /* SKTTimingFunctions.swift */ = {isa = PBXFileReference; fileEncoding = 4; lastKnownFileType = sourcecode.swift; path = SKTTimingFunctions.swift; sourceTree = "<group>"; };
		DE22B9F62B95AA7300CC6BCB /* SKAction+Extensions.swift */ = {isa = PBXFileReference; fileEncoding = 4; lastKnownFileType = sourcecode.swift; path = "SKAction+Extensions.swift"; sourceTree = "<group>"; };
		DE22B9F72B95AA7300CC6BCB /* SKAction+SpecialEffects.swift */ = {isa = PBXFileReference; fileEncoding = 4; lastKnownFileType = sourcecode.swift; path = "SKAction+SpecialEffects.swift"; sourceTree = "<group>"; };
		DE22B9F82B95AA7300CC6BCB /* SKNode+Extensions.swift */ = {isa = PBXFileReference; fileEncoding = 4; lastKnownFileType = sourcecode.swift; path = "SKNode+Extensions.swift"; sourceTree = "<group>"; };
		DE22B9F92B95AA7300CC6BCB /* CGPoint+Extensions.swift */ = {isa = PBXFileReference; fileEncoding = 4; lastKnownFileType = sourcecode.swift; path = "CGPoint+Extensions.swift"; sourceTree = "<group>"; };
		DE22B9FA2B95AA7300CC6BCB /* SKTEffects.swift */ = {isa = PBXFileReference; fileEncoding = 4; lastKnownFileType = sourcecode.swift; path = SKTEffects.swift; sourceTree = "<group>"; };
		DE22B9FB2B95AA7300CC6BCB /* SKTAudio.swift */ = {isa = PBXFileReference; fileEncoding = 4; lastKnownFileType = sourcecode.swift; path = SKTAudio.swift; sourceTree = "<group>"; };
		DE22B9FC2B95AA7300CC6BCB /* Vector3.swift */ = {isa = PBXFileReference; fileEncoding = 4; lastKnownFileType = sourcecode.swift; path = Vector3.swift; sourceTree = "<group>"; };
		DE22B9FD2B95AA7300CC6BCB /* CGFloat+Extensions.swift */ = {isa = PBXFileReference; fileEncoding = 4; lastKnownFileType = sourcecode.swift; path = "CGFloat+Extensions.swift"; sourceTree = "<group>"; };
		DE22BA0A2B966AEF00CC6BCB /* SpriteKitUI.swift */ = {isa = PBXFileReference; lastKnownFileType = sourcecode.swift; path = SpriteKitUI.swift; sourceTree = "<group>"; };
		DE22BA0C2B969D2500CC6BCB /* ShouldRender.swift */ = {isa = PBXFileReference; lastKnownFileType = sourcecode.swift; path = ShouldRender.swift; sourceTree = "<group>"; };
		DE22BA152B98380D00CC6BCB /* ShapeNodes.swift */ = {isa = PBXFileReference; lastKnownFileType = sourcecode.swift; path = ShapeNodes.swift; sourceTree = "<group>"; };
		DE22BA172B99091B00CC6BCB /* ToolButton.swift */ = {isa = PBXFileReference; lastKnownFileType = sourcecode.swift; path = ToolButton.swift; sourceTree = "<group>"; };
		DE2F26382B5A2873004003C3 /* SpriteKitExplorer.app */ = {isa = PBXFileReference; explicitFileType = wrapper.application; includeInIndex = 0; path = SpriteKitExplorer.app; sourceTree = BUILT_PRODUCTS_DIR; };
		DE2F263B2B5A2873004003C3 /* SpriteKitExplorerApp.swift */ = {isa = PBXFileReference; lastKnownFileType = sourcecode.swift; path = SpriteKitExplorerApp.swift; sourceTree = "<group>"; };
		DE2F263D2B5A2873004003C3 /* MainMenu.swift */ = {isa = PBXFileReference; lastKnownFileType = sourcecode.swift; path = MainMenu.swift; sourceTree = "<group>"; };
		DE2F263F2B5A2875004003C3 /* Assets.xcassets */ = {isa = PBXFileReference; lastKnownFileType = folder.assetcatalog; path = Assets.xcassets; sourceTree = "<group>"; };
		DE2F26492B5A29AF004003C3 /* Combine.swift */ = {isa = PBXFileReference; lastKnownFileType = sourcecode.swift; path = Combine.swift; sourceTree = "<group>"; };
		DE36073F2B6411070005BDE4 /* ImageFilters.swift */ = {isa = PBXFileReference; lastKnownFileType = sourcecode.swift; path = ImageFilters.swift; sourceTree = "<group>"; };
		DE3607422B64EEC40005BDE4 /* ChainCIFilter.swift */ = {isa = PBXFileReference; lastKnownFileType = sourcecode.swift; path = ChainCIFilter.swift; sourceTree = "<group>"; };
		DE3607442B64F6140005BDE4 /* Core Image Filters.md */ = {isa = PBXFileReference; lastKnownFileType = net.daringfireball.markdown; path = "Core Image Filters.md"; sourceTree = "<group>"; };
		DE3A68622B60378800D10D6E /* Lighting.swift */ = {isa = PBXFileReference; lastKnownFileType = sourcecode.swift; path = Lighting.swift; sourceTree = "<group>"; };
		DE4292F72B5B23A2004326C9 /* SimulationSpeed.swift */ = {isa = PBXFileReference; lastKnownFileType = sourcecode.swift; path = SimulationSpeed.swift; sourceTree = "<group>"; };
		DE4292F92B5BADC0004326C9 /* StoreAndReset.swift */ = {isa = PBXFileReference; lastKnownFileType = sourcecode.swift; path = StoreAndReset.swift; sourceTree = "<group>"; };
		DE4292FB2B5BAEC0004326C9 /* firstButtonStyle.swift */ = {isa = PBXFileReference; lastKnownFileType = sourcecode.swift; path = firstButtonStyle.swift; sourceTree = "<group>"; };
		DE58AB272B7C7FC3007F93B3 /* DataBinding.swift */ = {isa = PBXFileReference; lastKnownFileType = sourcecode.swift; path = DataBinding.swift; sourceTree = "<group>"; };
		DE9907FF2B6EA41000DC0B05 /* CoreImageFilters.json */ = {isa = PBXFileReference; lastKnownFileType = text.json; path = CoreImageFilters.json; sourceTree = "<group>"; };
		DEABB9D32B623BB00023B79B /* SpringDrag.swift */ = {isa = PBXFileReference; lastKnownFileType = sourcecode.swift; path = SpringDrag.swift; sourceTree = "<group>"; };
		DEABB9D72B6380B40023B79B /* FlingDrag.swift */ = {isa = PBXFileReference; lastKnownFileType = sourcecode.swift; path = FlingDrag.swift; sourceTree = "<group>"; };
		DEACDF642B9FE88B00D496D2 /* HexSKColor.swift */ = {isa = PBXFileReference; lastKnownFileType = sourcecode.swift; path = HexSKColor.swift; sourceTree = "<group>"; };
		DEACDF672BA12F4D00D496D2 /* LabelNodes.swift */ = {isa = PBXFileReference; lastKnownFileType = sourcecode.swift; path = LabelNodes.swift; sourceTree = "<group>"; };
		DEACDF6C2BA1353200D496D2 /* CormorantGaramond-Regular.ttf */ = {isa = PBXFileReference; lastKnownFileType = file; path = "CormorantGaramond-Regular.ttf"; sourceTree = "<group>"; };
		DEACDF6F2BA135CD00D496D2 /* Info.plist */ = {isa = PBXFileReference; lastKnownFileType = text.plist; path = Info.plist; sourceTree = "<group>"; };
		DEACDF702BA16AAC00D496D2 /* VisualizeNode.swift */ = {isa = PBXFileReference; lastKnownFileType = sourcecode.swift; path = VisualizeNode.swift; sourceTree = "<group>"; };
		DEAFED892BA77CEF0030857E /* TextureSizeLimit.swift */ = {isa = PBXFileReference; lastKnownFileType = sourcecode.swift; path = TextureSizeLimit.swift; sourceTree = "<group>"; };
		DEAFED8B2BA8C4B00030857E /* UIKits.swift */ = {isa = PBXFileReference; lastKnownFileType = sourcecode.swift; path = UIKits.swift; sourceTree = "<group>"; };
		DEAFED8E2BA8F7DD0030857E /* CoreGraphics.swift */ = {isa = PBXFileReference; lastKnownFileType = sourcecode.swift; path = CoreGraphics.swift; sourceTree = "<group>"; };
		DEAFED912BAA1EED0030857E /* TouchEvents.swift */ = {isa = PBXFileReference; lastKnownFileType = sourcecode.swift; path = TouchEvents.swift; sourceTree = "<group>"; };
		DEAFED932BAA22E90030857E /* Misc.swift */ = {isa = PBXFileReference; lastKnownFileType = sourcecode.swift; path = Misc.swift; sourceTree = "<group>"; };
		DEAFED962BAA42FB0030857E /* GKPlayground.swift */ = {isa = PBXFileReference; lastKnownFileType = sourcecode.swift; path = GKPlayground.swift; sourceTree = "<group>"; };
		DEB4ED3D2BAF91140097EEC0 /* Cars on Bridge - Legio Seven - SD.mp4 */ = {isa = PBXFileReference; lastKnownFileType = file; path = "Cars on Bridge - Legio Seven - SD.mp4"; sourceTree = "<group>"; };
		DEB4ED3F2BAF92850097EEC0 /* SF-Pro.ttf */ = {isa = PBXFileReference; lastKnownFileType = file; path = "SF-Pro.ttf"; sourceTree = "<group>"; };
		DEB4ED432BB116C20097EEC0 /* HitDetection.swift */ = {isa = PBXFileReference; lastKnownFileType = sourcecode.swift; path = HitDetection.swift; sourceTree = "<group>"; };
		DEC9BAF62BAB579100563A99 /* SpriteAnimation.swift */ = {isa = PBXFileReference; lastKnownFileType = sourcecode.swift; path = SpriteAnimation.swift; sourceTree = "<group>"; };
		DEC9BAF92BAC95F800563A99 /* GenerateGridImage.swift */ = {isa = PBXFileReference; lastKnownFileType = sourcecode.swift; path = GenerateGridImage.swift; sourceTree = "<group>"; };
		DEC9BAFC2BAD254700563A99 /* VideoNode.swift */ = {isa = PBXFileReference; lastKnownFileType = sourcecode.swift; path = VideoNode.swift; sourceTree = "<group>"; };
		DEC9BB042BAD44C300563A99 /* AVPlayer.swift */ = {isa = PBXFileReference; lastKnownFileType = sourcecode.swift; path = AVPlayer.swift; sourceTree = "<group>"; };
		DEC9BB062BAD482700563A99 /* Multi-touch typography.mp4 */ = {isa = PBXFileReference; lastKnownFileType = file; path = "Multi-touch typography.mp4"; sourceTree = "<group>"; };
		DEE20AA62BA5628500D4B4D1 /* Keyframes.swift */ = {isa = PBXFileReference; lastKnownFileType = sourcecode.swift; path = Keyframes.swift; sourceTree = "<group>"; };
		DEE20AA82BA56AE300D4B4D1 /* SceneTransitions.swift */ = {isa = PBXFileReference; lastKnownFileType = sourcecode.swift; path = SceneTransitions.swift; sourceTree = "<group>"; };
/* End PBXFileReference section */

/* Begin PBXFrameworksBuildPhase section */
		DE2F26352B5A2873004003C3 /* Frameworks */ = {
			isa = PBXFrameworksBuildPhase;
			buildActionMask = 2147483647;
			files = (
			);
			runOnlyForDeploymentPostprocessing = 0;
		};
/* End PBXFrameworksBuildPhase section */

/* Begin PBXGroup section */
		DE16D1322B67E3C60076836A /* Assets source files */ = {
			isa = PBXGroup;
			children = (
				DEB4ED3D2BAF91140097EEC0 /* Cars on Bridge - Legio Seven - SD.mp4 */,
				DEC9BB062BAD482700563A99 /* Multi-touch typography.mp4 */,
				DE16D1352B67E3FB0076836A /* AppIcon.png */,
				DE16D1332B67E3FB0076836A /* AppIcon.pxd */,
				DEB4ED3F2BAF92850097EEC0 /* SF-Pro.ttf */,
				DEACDF6C2BA1353200D496D2 /* CormorantGaramond-Regular.ttf */,
			);
			path = "Assets source files";
			sourceTree = "<group>";
		};
		DE22B9F02B95967800CC6BCB /* SpriteKitEasing */ = {
			isa = PBXGroup;
			children = (
				DE22B9E92B95956400CC6BCB /* Easing.swift */,
				DE22B9EA2B95956400CC6BCB /* EasingDeclarations.swift */,
				DE22B9EB2B95956400CC6BCB /* SKEase.swift */,
			);
			path = SpriteKitEasing;
			sourceTree = "<group>";
		};
		DE22B9F12B95AA7300CC6BCB /* SKTUtils */ = {
			isa = PBXGroup;
			children = (
				DE22B9F22B95AA7300CC6BCB /* SKColor+Extensions.swift */,
				DE22B9F32B95AA7300CC6BCB /* CGVector+Extensions.swift */,
				DE22B9F42B95AA7300CC6BCB /* Int+Extensions.swift */,
				DE22B9F52B95AA7300CC6BCB /* SKTTimingFunctions.swift */,
				DE22B9F62B95AA7300CC6BCB /* SKAction+Extensions.swift */,
				DE22B9F72B95AA7300CC6BCB /* SKAction+SpecialEffects.swift */,
				DE22B9F82B95AA7300CC6BCB /* SKNode+Extensions.swift */,
				DE22B9F92B95AA7300CC6BCB /* CGPoint+Extensions.swift */,
				DE22B9FA2B95AA7300CC6BCB /* SKTEffects.swift */,
				DE22B9FB2B95AA7300CC6BCB /* SKTAudio.swift */,
				DE22B9FC2B95AA7300CC6BCB /* Vector3.swift */,
				DE22B9FD2B95AA7300CC6BCB /* CGFloat+Extensions.swift */,
			);
			path = SKTUtils;
			sourceTree = "<group>";
		};
		DE22BA0E2B9834EB00CC6BCB /* UI with SpriteKit */ = {
			isa = PBXGroup;
			children = (
				DE22BA172B99091B00CC6BCB /* ToolButton.swift */,
				DE0B6B222B9FC760006D75CB /* ColorWheel.swift */,
				DE22BA0A2B966AEF00CC6BCB /* SpriteKitUI.swift */,
			);
			path = "UI with SpriteKit";
			sourceTree = "<group>";
		};
		DE2F262F2B5A2873004003C3 = {
			isa = PBXGroup;
			children = (
				DE16D1322B67E3C60076836A /* Assets source files */,
				DEACDF722BA18F6100D496D2 /* Screenshots */,
				DE16D1392B67E42B0076836A /* README.md */,
				DE2F263A2B5A2873004003C3 /* SpriteKitExplorer */,
				DE2F26392B5A2873004003C3 /* Products */,
			);
			sourceTree = "<group>";
		};
		DE2F26392B5A2873004003C3 /* Products */ = {
			isa = PBXGroup;
			children = (
				DE2F26382B5A2873004003C3 /* SpriteKitExplorer.app */,
			);
			name = Products;
			sourceTree = "<group>";
		};
		DE2F263A2B5A2873004003C3 /* SpriteKitExplorer */ = {
			isa = PBXGroup;
			children = (
				DEACDF6F2BA135CD00D496D2 /* Info.plist */,
				DE2F263F2B5A2875004003C3 /* Assets.xcassets */,
				DEC9BAFB2BAD253300563A99 /* Video */,
				DEAFED952BAA42DF0030857E /* GameplayKit */,
				DEC9BAF82BAB579900563A99 /* Animation */,
				DEAFED902BAA1EAD0030857E /* Touch */,
				DEAFED8D2BA8C9210030857E /* UIKit */,
				DEE20AAA2BA589D500D4B4D1 /* Scene Transitions */,
				DE9ADF8C2BA2795800B58429 /* Text */,
				DEACDF662BA12E7A00D496D2 /* Drawing nodes */,
				DE22BA0E2B9834EB00CC6BCB /* UI with SpriteKit */,
				DEACDF732BA19D9100D496D2 /* Core Image */,
				DE9ADF8D2BA279B000B58429 /* Physics */,
				DEACDF742BA19E2000D496D2 /* Data binding */,
				DEACDF752BA19EEB00D496D2 /* Rendering */,
				DE4292FD2B5BB413004326C9 /* SwiftUI views */,
				DE3607412B64EE8C0005BDE4 /* Utilities */,
				DE22B9F02B95967800CC6BCB /* SpriteKitEasing */,
				DE22B9F12B95AA7300CC6BCB /* SKTUtils */,
				DE2F263D2B5A2873004003C3 /* MainMenu.swift */,
				DE2F263B2B5A2873004003C3 /* SpriteKitExplorerApp.swift */,
			);
			path = SpriteKitExplorer;
			sourceTree = "<group>";
		};
		DE3607412B64EE8C0005BDE4 /* Utilities */ = {
			isa = PBXGroup;
			children = (
				DE3607422B64EEC40005BDE4 /* ChainCIFilter.swift */,
				DEACDF702BA16AAC00D496D2 /* VisualizeNode.swift */,
				DEACDF642B9FE88B00D496D2 /* HexSKColor.swift */,
				DEAFED892BA77CEF0030857E /* TextureSizeLimit.swift */,
				DEAFED932BAA22E90030857E /* Misc.swift */,
				DEC9BAF92BAC95F800563A99 /* GenerateGridImage.swift */,
			);
			path = Utilities;
			sourceTree = "<group>";
		};
		DE4292FD2B5BB413004326C9 /* SwiftUI views */ = {
			isa = PBXGroup;
			children = (
				DE4292FB2B5BAEC0004326C9 /* firstButtonStyle.swift */,
			);
			path = "SwiftUI views";
			sourceTree = "<group>";
		};
		DE9ADF8C2BA2795800B58429 /* Text */ = {
			isa = PBXGroup;
			children = (
				DEACDF672BA12F4D00D496D2 /* LabelNodes.swift */,
			);
			path = Text;
			sourceTree = "<group>";
		};
		DE9ADF8D2BA279B000B58429 /* Physics */ = {
			isa = PBXGroup;
			children = (
				DE4292F72B5B23A2004326C9 /* SimulationSpeed.swift */,
				DEABB9D72B6380B40023B79B /* FlingDrag.swift */,
				DEABB9D32B623BB00023B79B /* SpringDrag.swift */,
			);
			path = Physics;
			sourceTree = "<group>";
		};
		DEACDF662BA12E7A00D496D2 /* Drawing nodes */ = {
			isa = PBXGroup;
			children = (
				DE22BA152B98380D00CC6BCB /* ShapeNodes.swift */,
				DE0B6B202B9CAEED006D75CB /* SpriteNodes.swift */,
				DEAFED8E2BA8F7DD0030857E /* CoreGraphics.swift */,
			);
			path = "Drawing nodes";
			sourceTree = "<group>";
		};
		DEACDF722BA18F6100D496D2 /* Screenshots */ = {
			isa = PBXGroup;
			children = (
			);
			path = Screenshots;
			sourceTree = "<group>";
		};
		DEACDF732BA19D9100D496D2 /* Core Image */ = {
			isa = PBXGroup;
			children = (
				DE3607442B64F6140005BDE4 /* Core Image Filters.md */,
				DE9907FF2B6EA41000DC0B05 /* CoreImageFilters.json */,
				DE36073F2B6411070005BDE4 /* ImageFilters.swift */,
			);
			path = "Core Image";
			sourceTree = "<group>";
		};
		DEACDF742BA19E2000D496D2 /* Data binding */ = {
			isa = PBXGroup;
			children = (
				DE2F26492B5A29AF004003C3 /* Combine.swift */,
				DE4292F92B5BADC0004326C9 /* StoreAndReset.swift */,
				DE58AB272B7C7FC3007F93B3 /* DataBinding.swift */,
			);
			path = "Data binding";
			sourceTree = "<group>";
		};
		DEACDF752BA19EEB00D496D2 /* Rendering */ = {
			isa = PBXGroup;
			children = (
				DE3A68622B60378800D10D6E /* Lighting.swift */,
				DE22BA0C2B969D2500CC6BCB /* ShouldRender.swift */,
			);
			path = Rendering;
			sourceTree = "<group>";
		};
		DEAFED8D2BA8C9210030857E /* UIKit */ = {
			isa = PBXGroup;
			children = (
				DEAFED8B2BA8C4B00030857E /* UIKits.swift */,
			);
			path = UIKit;
			sourceTree = "<group>";
		};
		DEAFED902BAA1EAD0030857E /* Touch */ = {
			isa = PBXGroup;
			children = (
				DEAFED912BAA1EED0030857E /* TouchEvents.swift */,
				DEB4ED432BB116C20097EEC0 /* HitDetection.swift */,
			);
			path = Touch;
			sourceTree = "<group>";
		};
		DEAFED952BAA42DF0030857E /* GameplayKit */ = {
			isa = PBXGroup;
			children = (
				DEAFED962BAA42FB0030857E /* GKPlayground.swift */,
			);
			path = GameplayKit;
			sourceTree = "<group>";
		};
		DEC9BAF82BAB579900563A99 /* Animation */ = {
			isa = PBXGroup;
			children = (
				DEE20AA62BA5628500D4B4D1 /* Keyframes.swift */,
				DEC9BAF62BAB579100563A99 /* SpriteAnimation.swift */,
			);
			path = Animation;
			sourceTree = "<group>";
		};
		DEC9BAFB2BAD253300563A99 /* Video */ = {
			isa = PBXGroup;
			children = (
				DEC9BAFC2BAD254700563A99 /* VideoNode.swift */,
				DEC9BB042BAD44C300563A99 /* AVPlayer.swift */,
			);
			path = Video;
			sourceTree = "<group>";
		};
		DEE20AAA2BA589D500D4B4D1 /* Scene Transitions */ = {
			isa = PBXGroup;
			children = (
				DEE20AA82BA56AE300D4B4D1 /* SceneTransitions.swift */,
			);
			path = "Scene Transitions";
			sourceTree = "<group>";
		};
/* End PBXGroup section */

/* Begin PBXNativeTarget section */
		DE2F26372B5A2873004003C3 /* SpriteKitExplorer */ = {
			isa = PBXNativeTarget;
			buildConfigurationList = DE2F26462B5A2875004003C3 /* Build configuration list for PBXNativeTarget "SpriteKitExplorer" */;
			buildPhases = (
				DE2F26342B5A2873004003C3 /* Sources */,
				DE2F26352B5A2873004003C3 /* Frameworks */,
				DE2F26362B5A2873004003C3 /* Resources */,
			);
			buildRules = (
			);
			dependencies = (
			);
			name = SpriteKitExplorer;
			productName = SpriteKitExplorer;
			productReference = DE2F26382B5A2873004003C3 /* SpriteKitExplorer.app */;
			productType = "com.apple.product-type.application";
		};
/* End PBXNativeTarget section */

/* Begin PBXProject section */
		DE2F26302B5A2873004003C3 /* Project object */ = {
			isa = PBXProject;
			attributes = {
				BuildIndependentTargetsInParallel = 1;
				LastSwiftUpdateCheck = 1520;
				LastUpgradeCheck = 1520;
				TargetAttributes = {
					DE2F26372B5A2873004003C3 = {
						CreatedOnToolsVersion = 15.2;
					};
				};
			};
			buildConfigurationList = DE2F26332B5A2873004003C3 /* Build configuration list for PBXProject "SpriteKitExplorer" */;
			compatibilityVersion = "Xcode 14.0";
			developmentRegion = en;
			hasScannedForEncodings = 0;
			knownRegions = (
				en,
				Base,
			);
			mainGroup = DE2F262F2B5A2873004003C3;
			packageReferences = (
			);
			productRefGroup = DE2F26392B5A2873004003C3 /* Products */;
			projectDirPath = "";
			projectRoot = "";
			targets = (
				DE2F26372B5A2873004003C3 /* SpriteKitExplorer */,
			);
		};
/* End PBXProject section */

/* Begin PBXResourcesBuildPhase section */
		DE2F26362B5A2873004003C3 /* Resources */ = {
			isa = PBXResourcesBuildPhase;
			buildActionMask = 2147483647;
			files = (
				DE16D1382B67E3FB0076836A /* AppIcon.png in Resources */,
				DEB4ED402BAF92850097EEC0 /* SF-Pro.ttf in Resources */,
				DE9908002B6EA41000DC0B05 /* CoreImageFilters.json in Resources */,
				DEACDF6D2BA1353200D496D2 /* CormorantGaramond-Regular.ttf in Resources */,
				DEACDF6B2BA134F800D496D2 /* Assets.xcassets in Resources */,
				DE16D1362B67E3FB0076836A /* AppIcon.pxd in Resources */,
				DEB4ED3E2BAF91140097EEC0 /* Cars on Bridge - Legio Seven - SD.mp4 in Resources */,
				DEC9BB072BAD482700563A99 /* Multi-touch typography.mp4 in Resources */,
			);
			runOnlyForDeploymentPostprocessing = 0;
		};
/* End PBXResourcesBuildPhase section */

/* Begin PBXSourcesBuildPhase section */
		DE2F26342B5A2873004003C3 /* Sources */ = {
			isa = PBXSourcesBuildPhase;
			buildActionMask = 2147483647;
			files = (
				DEC9BAFA2BAC95F800563A99 /* GenerateGridImage.swift in Sources */,
				DEE20AA72BA5628500D4B4D1 /* Keyframes.swift in Sources */,
				DEC9BAFD2BAD254700563A99 /* VideoNode.swift in Sources */,
				DEACDF682BA12F4D00D496D2 /* LabelNodes.swift in Sources */,
				DEAFED922BAA1EED0030857E /* TouchEvents.swift in Sources */,
				DE3607432B64EEC40005BDE4 /* ChainCIFilter.swift in Sources */,
				DEAFED8F2BA8F7DD0030857E /* CoreGraphics.swift in Sources */,
				DE22BA002B95AA7300CC6BCB /* Int+Extensions.swift in Sources */,
				DE22BA092B95AA7300CC6BCB /* CGFloat+Extensions.swift in Sources */,
				DE58AB282B7C7FC3007F93B3 /* DataBinding.swift in Sources */,
				DE22B9FF2B95AA7300CC6BCB /* CGVector+Extensions.swift in Sources */,
				DEE20AA92BA56AE300D4B4D1 /* SceneTransitions.swift in Sources */,
				DE0B6B232B9FC760006D75CB /* ColorWheel.swift in Sources */,
				DE22BA182B99091B00CC6BCB /* ToolButton.swift in Sources */,
				DE22BA162B98380D00CC6BCB /* ShapeNodes.swift in Sources */,
				DE22BA032B95AA7300CC6BCB /* SKAction+SpecialEffects.swift in Sources */,
				DE4292FC2B5BAEC0004326C9 /* firstButtonStyle.swift in Sources */,
				DE22BA042B95AA7300CC6BCB /* SKNode+Extensions.swift in Sources */,
				DE22B9EE2B95956400CC6BCB /* SKEase.swift in Sources */,
				DE22BA012B95AA7300CC6BCB /* SKTTimingFunctions.swift in Sources */,
				DE3607402B6411070005BDE4 /* ImageFilters.swift in Sources */,
				DE22BA052B95AA7300CC6BCB /* CGPoint+Extensions.swift in Sources */,
				DEC9BAF72BAB579100563A99 /* SpriteAnimation.swift in Sources */,
				DE22BA062B95AA7300CC6BCB /* SKTEffects.swift in Sources */,
				DE3A68632B60378800D10D6E /* Lighting.swift in Sources */,
				DEAFED8C2BA8C4B00030857E /* UIKits.swift in Sources */,
				DE22BA022B95AA7300CC6BCB /* SKAction+Extensions.swift in Sources */,
				DEABB9D82B6380B40023B79B /* FlingDrag.swift in Sources */,
				DE2F263E2B5A2873004003C3 /* MainMenu.swift in Sources */,
				DEC9BB052BAD44C300563A99 /* AVPlayer.swift in Sources */,
				DE22BA082B95AA7300CC6BCB /* Vector3.swift in Sources */,
				DE2F264A2B5A29AF004003C3 /* Combine.swift in Sources */,
				DE22BA072B95AA7300CC6BCB /* SKTAudio.swift in Sources */,
				DEACDF652B9FE88B00D496D2 /* HexSKColor.swift in Sources */,
				DE22BA0D2B969D2500CC6BCB /* ShouldRender.swift in Sources */,
				DEAFED8A2BA77CEF0030857E /* TextureSizeLimit.swift in Sources */,
				DE22B9ED2B95956400CC6BCB /* EasingDeclarations.swift in Sources */,
				DE22BA0B2B966AEF00CC6BCB /* SpriteKitUI.swift in Sources */,
				DE22B9EC2B95956400CC6BCB /* Easing.swift in Sources */,
				DEABB9D42B623BB00023B79B /* SpringDrag.swift in Sources */,
				DEAFED972BAA42FB0030857E /* GKPlayground.swift in Sources */,
				DEB4ED442BB116C20097EEC0 /* HitDetection.swift in Sources */,
				DE0B6B212B9CAEED006D75CB /* SpriteNodes.swift in Sources */,
				DE4292F82B5B23A2004326C9 /* SimulationSpeed.swift in Sources */,
				DE4292FA2B5BADC0004326C9 /* StoreAndReset.swift in Sources */,
				DE22B9FE2B95AA7300CC6BCB /* SKColor+Extensions.swift in Sources */,
				DEACDF712BA16AAC00D496D2 /* VisualizeNode.swift in Sources */,
				DEAFED942BAA22E90030857E /* Misc.swift in Sources */,
				DE2F263C2B5A2873004003C3 /* SpriteKitExplorerApp.swift in Sources */,
			);
			runOnlyForDeploymentPostprocessing = 0;
		};
/* End PBXSourcesBuildPhase section */

/* Begin XCBuildConfiguration section */
		DE2F26442B5A2875004003C3 /* Debug */ = {
			isa = XCBuildConfiguration;
			buildSettings = {
				ALWAYS_SEARCH_USER_PATHS = NO;
				ASSETCATALOG_COMPILER_GENERATE_SWIFT_ASSET_SYMBOL_EXTENSIONS = YES;
				CLANG_ANALYZER_NONNULL = YES;
				CLANG_ANALYZER_NUMBER_OBJECT_CONVERSION = YES_AGGRESSIVE;
				CLANG_CXX_LANGUAGE_STANDARD = "gnu++20";
				CLANG_ENABLE_MODULES = YES;
				CLANG_ENABLE_OBJC_ARC = YES;
				CLANG_ENABLE_OBJC_WEAK = YES;
				CLANG_WARN_BLOCK_CAPTURE_AUTORELEASING = YES;
				CLANG_WARN_BOOL_CONVERSION = YES;
				CLANG_WARN_COMMA = YES;
				CLANG_WARN_CONSTANT_CONVERSION = YES;
				CLANG_WARN_DEPRECATED_OBJC_IMPLEMENTATIONS = YES;
				CLANG_WARN_DIRECT_OBJC_ISA_USAGE = YES_ERROR;
				CLANG_WARN_DOCUMENTATION_COMMENTS = YES;
				CLANG_WARN_EMPTY_BODY = YES;
				CLANG_WARN_ENUM_CONVERSION = YES;
				CLANG_WARN_INFINITE_RECURSION = YES;
				CLANG_WARN_INT_CONVERSION = YES;
				CLANG_WARN_NON_LITERAL_NULL_CONVERSION = YES;
				CLANG_WARN_OBJC_IMPLICIT_RETAIN_SELF = YES;
				CLANG_WARN_OBJC_LITERAL_CONVERSION = YES;
				CLANG_WARN_OBJC_ROOT_CLASS = YES_ERROR;
				CLANG_WARN_QUOTED_INCLUDE_IN_FRAMEWORK_HEADER = YES;
				CLANG_WARN_RANGE_LOOP_ANALYSIS = YES;
				CLANG_WARN_STRICT_PROTOTYPES = YES;
				CLANG_WARN_SUSPICIOUS_MOVE = YES;
				CLANG_WARN_UNGUARDED_AVAILABILITY = YES_AGGRESSIVE;
				CLANG_WARN_UNREACHABLE_CODE = YES;
				CLANG_WARN__DUPLICATE_METHOD_MATCH = YES;
				COPY_PHASE_STRIP = NO;
				DEBUG_INFORMATION_FORMAT = dwarf;
				ENABLE_STRICT_OBJC_MSGSEND = YES;
				ENABLE_TESTABILITY = YES;
				ENABLE_USER_SCRIPT_SANDBOXING = YES;
				GCC_C_LANGUAGE_STANDARD = gnu17;
				GCC_DYNAMIC_NO_PIC = NO;
				GCC_NO_COMMON_BLOCKS = YES;
				GCC_OPTIMIZATION_LEVEL = 0;
				GCC_PREPROCESSOR_DEFINITIONS = (
					"DEBUG=1",
					"$(inherited)",
				);
				GCC_WARN_64_TO_32_BIT_CONVERSION = YES;
				GCC_WARN_ABOUT_RETURN_TYPE = YES_ERROR;
				GCC_WARN_UNDECLARED_SELECTOR = YES;
				GCC_WARN_UNINITIALIZED_AUTOS = YES_AGGRESSIVE;
				GCC_WARN_UNUSED_FUNCTION = YES;
				GCC_WARN_UNUSED_VARIABLE = YES;
				IPHONEOS_DEPLOYMENT_TARGET = 17.2;
				LOCALIZATION_PREFERS_STRING_CATALOGS = YES;
				MTL_ENABLE_DEBUG_INFO = INCLUDE_SOURCE;
				MTL_FAST_MATH = YES;
				ONLY_ACTIVE_ARCH = YES;
				SDKROOT = iphoneos;
				SWIFT_ACTIVE_COMPILATION_CONDITIONS = "DEBUG $(inherited)";
				SWIFT_OPTIMIZATION_LEVEL = "-Onone";
			};
			name = Debug;
		};
		DE2F26452B5A2875004003C3 /* Release */ = {
			isa = XCBuildConfiguration;
			buildSettings = {
				ALWAYS_SEARCH_USER_PATHS = NO;
				ASSETCATALOG_COMPILER_GENERATE_SWIFT_ASSET_SYMBOL_EXTENSIONS = YES;
				CLANG_ANALYZER_NONNULL = YES;
				CLANG_ANALYZER_NUMBER_OBJECT_CONVERSION = YES_AGGRESSIVE;
				CLANG_CXX_LANGUAGE_STANDARD = "gnu++20";
				CLANG_ENABLE_MODULES = YES;
				CLANG_ENABLE_OBJC_ARC = YES;
				CLANG_ENABLE_OBJC_WEAK = YES;
				CLANG_WARN_BLOCK_CAPTURE_AUTORELEASING = YES;
				CLANG_WARN_BOOL_CONVERSION = YES;
				CLANG_WARN_COMMA = YES;
				CLANG_WARN_CONSTANT_CONVERSION = YES;
				CLANG_WARN_DEPRECATED_OBJC_IMPLEMENTATIONS = YES;
				CLANG_WARN_DIRECT_OBJC_ISA_USAGE = YES_ERROR;
				CLANG_WARN_DOCUMENTATION_COMMENTS = YES;
				CLANG_WARN_EMPTY_BODY = YES;
				CLANG_WARN_ENUM_CONVERSION = YES;
				CLANG_WARN_INFINITE_RECURSION = YES;
				CLANG_WARN_INT_CONVERSION = YES;
				CLANG_WARN_NON_LITERAL_NULL_CONVERSION = YES;
				CLANG_WARN_OBJC_IMPLICIT_RETAIN_SELF = YES;
				CLANG_WARN_OBJC_LITERAL_CONVERSION = YES;
				CLANG_WARN_OBJC_ROOT_CLASS = YES_ERROR;
				CLANG_WARN_QUOTED_INCLUDE_IN_FRAMEWORK_HEADER = YES;
				CLANG_WARN_RANGE_LOOP_ANALYSIS = YES;
				CLANG_WARN_STRICT_PROTOTYPES = YES;
				CLANG_WARN_SUSPICIOUS_MOVE = YES;
				CLANG_WARN_UNGUARDED_AVAILABILITY = YES_AGGRESSIVE;
				CLANG_WARN_UNREACHABLE_CODE = YES;
				CLANG_WARN__DUPLICATE_METHOD_MATCH = YES;
				COPY_PHASE_STRIP = NO;
				DEBUG_INFORMATION_FORMAT = "dwarf-with-dsym";
				ENABLE_NS_ASSERTIONS = NO;
				ENABLE_STRICT_OBJC_MSGSEND = YES;
				ENABLE_USER_SCRIPT_SANDBOXING = YES;
				GCC_C_LANGUAGE_STANDARD = gnu17;
				GCC_NO_COMMON_BLOCKS = YES;
				GCC_WARN_64_TO_32_BIT_CONVERSION = YES;
				GCC_WARN_ABOUT_RETURN_TYPE = YES_ERROR;
				GCC_WARN_UNDECLARED_SELECTOR = YES;
				GCC_WARN_UNINITIALIZED_AUTOS = YES_AGGRESSIVE;
				GCC_WARN_UNUSED_FUNCTION = YES;
				GCC_WARN_UNUSED_VARIABLE = YES;
				IPHONEOS_DEPLOYMENT_TARGET = 17.2;
				LOCALIZATION_PREFERS_STRING_CATALOGS = YES;
				MTL_ENABLE_DEBUG_INFO = NO;
				MTL_FAST_MATH = YES;
				SDKROOT = iphoneos;
				SWIFT_COMPILATION_MODE = wholemodule;
				VALIDATE_PRODUCT = YES;
			};
			name = Release;
		};
		DE2F26472B5A2875004003C3 /* Debug */ = {
			isa = XCBuildConfiguration;
			buildSettings = {
				ASSETCATALOG_COMPILER_APPICON_NAME = AppIcon;
				CODE_SIGN_STYLE = Automatic;
				CURRENT_PROJECT_VERSION = 1;
				DEVELOPMENT_TEAM = G2XS6FMGZT;
				ENABLE_PREVIEWS = YES;
				GENERATE_INFOPLIST_FILE = YES;
				INFOPLIST_FILE = SpriteKitExplorer/Info.plist;
				INFOPLIST_KEY_CFBundleDisplayName = "SpriteKit Explorer";
				INFOPLIST_KEY_UIApplicationSceneManifest_Generation = YES;
				INFOPLIST_KEY_UIApplicationSupportsIndirectInputEvents = YES;
				INFOPLIST_KEY_UILaunchScreen_Generation = YES;
				INFOPLIST_KEY_UISupportedInterfaceOrientations_iPad = "UIInterfaceOrientationPortrait UIInterfaceOrientationPortraitUpsideDown UIInterfaceOrientationLandscapeLeft UIInterfaceOrientationLandscapeRight";
				INFOPLIST_KEY_UISupportedInterfaceOrientations_iPhone = "UIInterfaceOrientationPortrait UIInterfaceOrientationLandscapeLeft UIInterfaceOrientationLandscapeRight";
				IPHONEOS_DEPLOYMENT_TARGET = 17.0;
				LD_RUNPATH_SEARCH_PATHS = (
					"$(inherited)",
					"@executable_path/Frameworks",
				);
				MARKETING_VERSION = 1.0;
				PRODUCT_BUNDLE_IDENTIFIER = com.achrafkassioui.SpriteKitExplorer;
				PRODUCT_NAME = "$(TARGET_NAME)";
				SWIFT_EMIT_LOC_STRINGS = YES;
				SWIFT_VERSION = 5.0;
				TARGETED_DEVICE_FAMILY = "1,2";
			};
			name = Debug;
		};
		DE2F26482B5A2875004003C3 /* Release */ = {
			isa = XCBuildConfiguration;
			buildSettings = {
				ASSETCATALOG_COMPILER_APPICON_NAME = AppIcon;
				CODE_SIGN_STYLE = Automatic;
				CURRENT_PROJECT_VERSION = 1;
				DEVELOPMENT_TEAM = G2XS6FMGZT;
				ENABLE_PREVIEWS = YES;
				GENERATE_INFOPLIST_FILE = YES;
				INFOPLIST_FILE = SpriteKitExplorer/Info.plist;
				INFOPLIST_KEY_CFBundleDisplayName = "SpriteKit Explorer";
				INFOPLIST_KEY_UIApplicationSceneManifest_Generation = YES;
				INFOPLIST_KEY_UIApplicationSupportsIndirectInputEvents = YES;
				INFOPLIST_KEY_UILaunchScreen_Generation = YES;
				INFOPLIST_KEY_UISupportedInterfaceOrientations_iPad = "UIInterfaceOrientationPortrait UIInterfaceOrientationPortraitUpsideDown UIInterfaceOrientationLandscapeLeft UIInterfaceOrientationLandscapeRight";
				INFOPLIST_KEY_UISupportedInterfaceOrientations_iPhone = "UIInterfaceOrientationPortrait UIInterfaceOrientationLandscapeLeft UIInterfaceOrientationLandscapeRight";
				IPHONEOS_DEPLOYMENT_TARGET = 17.0;
				LD_RUNPATH_SEARCH_PATHS = (
					"$(inherited)",
					"@executable_path/Frameworks",
				);
				MARKETING_VERSION = 1.0;
				PRODUCT_BUNDLE_IDENTIFIER = com.achrafkassioui.SpriteKitExplorer;
				PRODUCT_NAME = "$(TARGET_NAME)";
				SWIFT_EMIT_LOC_STRINGS = YES;
				SWIFT_VERSION = 5.0;
				TARGETED_DEVICE_FAMILY = "1,2";
			};
			name = Release;
		};
/* End XCBuildConfiguration section */

/* Begin XCConfigurationList section */
		DE2F26332B5A2873004003C3 /* Build configuration list for PBXProject "SpriteKitExplorer" */ = {
			isa = XCConfigurationList;
			buildConfigurations = (
				DE2F26442B5A2875004003C3 /* Debug */,
				DE2F26452B5A2875004003C3 /* Release */,
			);
			defaultConfigurationIsVisible = 0;
			defaultConfigurationName = Release;
		};
		DE2F26462B5A2875004003C3 /* Build configuration list for PBXNativeTarget "SpriteKitExplorer" */ = {
			isa = XCConfigurationList;
			buildConfigurations = (
				DE2F26472B5A2875004003C3 /* Debug */,
				DE2F26482B5A2875004003C3 /* Release */,
			);
			defaultConfigurationIsVisible = 0;
			defaultConfigurationName = Release;
		};
/* End XCConfigurationList section */
	};
	rootObject = DE2F26302B5A2873004003C3 /* Project object */;
}
